// !$*UTF8*$!
{
	archiveVersion = 1;
	classes = {
	};
	objectVersion = 52;
	objects = {

/* Begin PBXBuildFile section */
		EC00DBCA251C9C0C0010366A /* ToolbarDelegate.swift in Sources */ = {isa = PBXBuildFile; fileRef = EC00DBC9251C9C0C0010366A /* ToolbarDelegate.swift */; };
		EC00DBCD251C9CAE0010366A /* BattleRecordListViewController.swift in Sources */ = {isa = PBXBuildFile; fileRef = EC00DBCC251C9CAE0010366A /* BattleRecordListViewController.swift */; };
		EC00DBD0251C9D5B0010366A /* BattleDetailViewController.swift in Sources */ = {isa = PBXBuildFile; fileRef = EC00DBCF251C9D5B0010366A /* BattleDetailViewController.swift */; };
		EC00DBD3251CA05F0010366A /* BattleDetail.storyboard in Resources */ = {isa = PBXBuildFile; fileRef = EC00DBD2251CA05F0010366A /* BattleDetail.storyboard */; };
		EC00DBD7251CA11D0010366A /* TabBarController.swift in Sources */ = {isa = PBXBuildFile; fileRef = EC00DBD6251CA11D0010366A /* TabBarController.swift */; };
		EC00DBE4251CC57F0010366A /* BattleRecordListCell.swift in Sources */ = {isa = PBXBuildFile; fileRef = EC00DBE3251CC57F0010366A /* BattleRecordListCell.swift */; };
		EC00DBEA251CC5CE0010366A /* BattleRecordListCell.xib in Resources */ = {isa = PBXBuildFile; fileRef = EC00DBE9251CC5CE0010366A /* BattleRecordListCell.xib */; };
		EC00DBF5251CD29C0010366A /* AnimatableModifier.swift in Sources */ = {isa = PBXBuildFile; fileRef = EC00DBF2251CD29C0010366A /* AnimatableModifier.swift */; };
		EC00DBF6251CD29C0010366A /* TransitionModifier.swift in Sources */ = {isa = PBXBuildFile; fileRef = EC00DBF3251CD29C0010366A /* TransitionModifier.swift */; };
		EC00DBF7251CD29C0010366A /* FontModifier.swift in Sources */ = {isa = PBXBuildFile; fileRef = EC00DBF4251CD29C0010366A /* FontModifier.swift */; };
		EC00DC09251CD8770010366A /* BattleDataView.swift in Sources */ = {isa = PBXBuildFile; fileRef = EC00DC00251CD8770010366A /* BattleDataView.swift */; };
		EC00DC0B251CD8770010366A /* TeamView.swift in Sources */ = {isa = PBXBuildFile; fileRef = EC00DC02251CD8770010366A /* TeamView.swift */; };
		EC00DC0C251CD8770010366A /* BattleResultBar.swift in Sources */ = {isa = PBXBuildFile; fileRef = EC00DC03251CD8770010366A /* BattleResultBar.swift */; };
		EC00DC0D251CD8770010366A /* TeamsDataView.swift in Sources */ = {isa = PBXBuildFile; fileRef = EC00DC04251CD8770010366A /* TeamsDataView.swift */; };
		EC00DC0F251CD8770010366A /* MemberView.swift in Sources */ = {isa = PBXBuildFile; fileRef = EC00DC06251CD8770010366A /* MemberView.swift */; };
		EC00DC19251CD90B0010366A /* RegularBattlePage.swift in Sources */ = {isa = PBXBuildFile; fileRef = EC00DC18251CD90B0010366A /* RegularBattlePage.swift */; };
		EC00DC1E251CEFD00010366A /* LoginViewController.swift in Sources */ = {isa = PBXBuildFile; fileRef = EC00DC1D251CEFD00010366A /* LoginViewController.swift */; };
		EC43AA54251C95DE00283D28 /* SDWebImage in Frameworks */ = {isa = PBXBuildFile; productRef = EC43AA53251C95DE00283D28 /* SDWebImage */; };
		EC43AA58251C9A7100283D28 /* GRDB in Frameworks */ = {isa = PBXBuildFile; productRef = EC43AA57251C9A7100283D28 /* GRDB */; };
		EC43AA5C251CCDF000283D28 /* SDWebImageSwiftUI in Frameworks */ = {isa = PBXBuildFile; productRef = EC43AA5B251CCDF000283D28 /* SDWebImageSwiftUI */; };
		EC565B5B251D882900CCAC9A /* NotificationName.swift in Sources */ = {isa = PBXBuildFile; fileRef = EC565B5A251D882900CCAC9A /* NotificationName.swift */; };
		EC565B62251D956C00CCAC9A /* BattleRecordListRealTimeCell.swift in Sources */ = {isa = PBXBuildFile; fileRef = EC565B61251D956C00CCAC9A /* BattleRecordListRealTimeCell.swift */; };
		EC565B66251D980700CCAC9A /* BattleRecordListRealTimeCell.xib in Resources */ = {isa = PBXBuildFile; fileRef = EC565B65251D980700CCAC9A /* BattleRecordListRealTimeCell.xib */; };
		EC606045251CD5B200DCF35E /* SnapKit in Frameworks */ = {isa = PBXBuildFile; productRef = EC606044251CD5B200DCF35E /* SnapKit */; };
		EC6B8270251EF9E000B25307 /* UIView+Snapshot.swift in Sources */ = {isa = PBXBuildFile; fileRef = EC6B826F251EF9E000B25307 /* UIView+Snapshot.swift */; };
		EC6B8275251F088800B25307 /* CompactBattlePage.swift in Sources */ = {isa = PBXBuildFile; fileRef = EC6B8274251F088800B25307 /* CompactBattlePage.swift */; };
		EC900E75251C55FF00AA0B20 /* AppDelegate.swift in Sources */ = {isa = PBXBuildFile; fileRef = EC900E74251C55FF00AA0B20 /* AppDelegate.swift */; };
		EC900E77251C55FF00AA0B20 /* SceneDelegate.swift in Sources */ = {isa = PBXBuildFile; fileRef = EC900E76251C55FF00AA0B20 /* SceneDelegate.swift */; };
		EC900E7C251C55FF00AA0B20 /* Main.storyboard in Resources */ = {isa = PBXBuildFile; fileRef = EC900E7A251C55FF00AA0B20 /* Main.storyboard */; };
		EC900E7E251C55FF00AA0B20 /* Assets.xcassets in Resources */ = {isa = PBXBuildFile; fileRef = EC900E7D251C55FF00AA0B20 /* Assets.xcassets */; };
		EC900E81251C55FF00AA0B20 /* LaunchScreen.storyboard in Resources */ = {isa = PBXBuildFile; fileRef = EC900E7F251C55FF00AA0B20 /* LaunchScreen.storyboard */; };
		EC900EC0251C8EF700AA0B20 /* Splatoon2.otf in Resources */ = {isa = PBXBuildFile; fileRef = EC900E92251C8EF600AA0B20 /* Splatoon2.otf */; };
		EC900EC1251C8EF700AA0B20 /* Splatoon1.otf in Resources */ = {isa = PBXBuildFile; fileRef = EC900E93251C8EF600AA0B20 /* Splatoon1.otf */; };
		EC900EC2251C8EF700AA0B20 /* Decode&Encode.swift in Sources */ = {isa = PBXBuildFile; fileRef = EC900E95251C8EF600AA0B20 /* Decode&Encode.swift */; };
		EC900EC3251C8EF700AA0B20 /* StatefulPreviewWrapper.swift in Sources */ = {isa = PBXBuildFile; fileRef = EC900E96251C8EF600AA0B20 /* StatefulPreviewWrapper.swift */; };
		EC900EC4251C8EF700AA0B20 /* Collection.swift in Sources */ = {isa = PBXBuildFile; fileRef = EC900E97251C8EF600AA0B20 /* Collection.swift */; };
		EC900EC5251C8EF700AA0B20 /* Easeing.swift in Sources */ = {isa = PBXBuildFile; fileRef = EC900E98251C8EF600AA0B20 /* Easeing.swift */; };
		EC900EC6251C8EF700AA0B20 /* Operator.swift in Sources */ = {isa = PBXBuildFile; fileRef = EC900E99251C8EF600AA0B20 /* Operator.swift */; };
		EC900EC7251C8EF700AA0B20 /* UserDefaultsWrapper.swift in Sources */ = {isa = PBXBuildFile; fileRef = EC900E9A251C8EF600AA0B20 /* UserDefaultsWrapper.swift */; };
		EC900EC8251C8EF700AA0B20 /* AppBundle.swift in Sources */ = {isa = PBXBuildFile; fileRef = EC900E9B251C8EF600AA0B20 /* AppBundle.swift */; };
		EC900EC9251C8EF700AA0B20 /* StringInterpolation.swift in Sources */ = {isa = PBXBuildFile; fileRef = EC900E9C251C8EF600AA0B20 /* StringInterpolation.swift */; };
		EC900ECA251C8EF700AA0B20 /* AutoPlayAnimation.swift in Sources */ = {isa = PBXBuildFile; fileRef = EC900E9D251C8EF600AA0B20 /* AutoPlayAnimation.swift */; };
		EC900ECB251C8EF700AA0B20 /* Splatoon2API.swift in Sources */ = {isa = PBXBuildFile; fileRef = EC900E9F251C8EF600AA0B20 /* Splatoon2API.swift */; };
		EC900ECC251C8EF700AA0B20 /* APITargetType.swift in Sources */ = {isa = PBXBuildFile; fileRef = EC900EA0251C8EF600AA0B20 /* APITargetType.swift */; };
		EC900ECD251C8EF700AA0B20 /* AppAPI.swift in Sources */ = {isa = PBXBuildFile; fileRef = EC900EA1251C8EF600AA0B20 /* AppAPI.swift */; };
		EC900ECE251C8EF700AA0B20 /* API.swift in Sources */ = {isa = PBXBuildFile; fileRef = EC900EA2251C8EF600AA0B20 /* API.swift */; };
		EC900ECF251C8EF700AA0B20 /* AppColor.swift in Sources */ = {isa = PBXBuildFile; fileRef = EC900EA4251C8EF600AA0B20 /* AppColor.swift */; };
		EC900ED0251C8EF700AA0B20 /* AppTheme.swift in Sources */ = {isa = PBXBuildFile; fileRef = EC900EA5251C8EF600AA0B20 /* AppTheme.swift */; };
		EC900ED1251C8EF700AA0B20 /* User.swift in Sources */ = {isa = PBXBuildFile; fileRef = EC900EA7251C8EF600AA0B20 /* User.swift */; };
		EC900ED2251C8EF700AA0B20 /* SP2Battle.swift in Sources */ = {isa = PBXBuildFile; fileRef = EC900EA9251C8EF600AA0B20 /* SP2Battle.swift */; };
		EC900ED3251C8EF700AA0B20 /* SP2Player.swift in Sources */ = {isa = PBXBuildFile; fileRef = EC900EAA251C8EF600AA0B20 /* SP2Player.swift */; };
		EC900ED4251C8EF700AA0B20 /* SP2TeamMember.swift in Sources */ = {isa = PBXBuildFile; fileRef = EC900EAB251C8EF600AA0B20 /* SP2TeamMember.swift */; };
		EC900ED5251C8EF700AA0B20 /* SP2Weapon.swift in Sources */ = {isa = PBXBuildFile; fileRef = EC900EAC251C8EF600AA0B20 /* SP2Weapon.swift */; };
		EC900ED6251C8EF700AA0B20 /* SP2TeamResult.swift in Sources */ = {isa = PBXBuildFile; fileRef = EC900EAD251C8EF600AA0B20 /* SP2TeamResult.swift */; };
		EC900ED7251C8EF700AA0B20 /* SP2BattleOverview.swift in Sources */ = {isa = PBXBuildFile; fileRef = EC900EAE251C8EF600AA0B20 /* SP2BattleOverview.swift */; };
		EC900ED8251C8EF700AA0B20 /* AppDatabase.swift in Sources */ = {isa = PBXBuildFile; fileRef = EC900EB0251C8EF700AA0B20 /* AppDatabase.swift */; };
		EC900ED9251C8EF700AA0B20 /* AppUserDefaults.swift in Sources */ = {isa = PBXBuildFile; fileRef = EC900EB1251C8EF700AA0B20 /* AppUserDefaults.swift */; };
		EC900EDB251C8EF700AA0B20 /* result.json in Resources */ = {isa = PBXBuildFile; fileRef = EC900EB7251C8EF700AA0B20 /* result.json */; };
		EC900EDC251C8EF700AA0B20 /* Sample.swift in Sources */ = {isa = PBXBuildFile; fileRef = EC900EB8251C8EF700AA0B20 /* Sample.swift */; };
		EC900EDD251C8EF700AA0B20 /* results.json in Resources */ = {isa = PBXBuildFile; fileRef = EC900EB9251C8EF700AA0B20 /* results.json */; };
		EC900EDE251C8EF700AA0B20 /* LoginViewModel.swift in Sources */ = {isa = PBXBuildFile; fileRef = EC900EBB251C8EF700AA0B20 /* LoginViewModel.swift */; };
		EC900EDF251C8EF700AA0B20 /* MainViewModel.swift in Sources */ = {isa = PBXBuildFile; fileRef = EC900EBC251C8EF700AA0B20 /* MainViewModel.swift */; };
		EC900EE0251C8EF700AA0B20 /* BattleListViewModel.swift in Sources */ = {isa = PBXBuildFile; fileRef = EC900EBD251C8EF700AA0B20 /* BattleListViewModel.swift */; };
		EC900EE1251C8EF700AA0B20 /* Record.swift in Sources */ = {isa = PBXBuildFile; fileRef = EC900EBF251C8EF700AA0B20 /* Record.swift */; };
		ECAE8DC425209BB6003D7EDC /* LoginPage.swift in Sources */ = {isa = PBXBuildFile; fileRef = ECAE8DC325209BB6003D7EDC /* LoginPage.swift */; };
		ECAE8DC92520B7E0003D7EDC /* Localizable.strings in Resources */ = {isa = PBXBuildFile; fileRef = ECAE8DCB2520B7E0003D7EDC /* Localizable.strings */; };
		ECC5CAB42525B2D2000E38DE /* BattleSplitViewController.swift in Sources */ = {isa = PBXBuildFile; fileRef = ECC5CAB32525B2D2000E38DE /* BattleSplitViewController.swift */; };
/* End PBXBuildFile section */

/* Begin PBXCopyFilesBuildPhase section */
		ECAE8DBA25207FA1003D7EDC /* Embed App Clips */ = {
			isa = PBXCopyFilesBuildPhase;
			buildActionMask = 2147483647;
			dstPath = "$(CONTENTS_FOLDER_PATH)/AppClips";
			dstSubfolderSpec = 16;
			files = (
			);
			name = "Embed App Clips";
			runOnlyForDeploymentPostprocessing = 0;
		};
/* End PBXCopyFilesBuildPhase section */

/* Begin PBXFileReference section */
		EC00DBC9251C9C0C0010366A /* ToolbarDelegate.swift */ = {isa = PBXFileReference; lastKnownFileType = sourcecode.swift; path = ToolbarDelegate.swift; sourceTree = "<group>"; };
		EC00DBCC251C9CAE0010366A /* BattleRecordListViewController.swift */ = {isa = PBXFileReference; lastKnownFileType = sourcecode.swift; path = BattleRecordListViewController.swift; sourceTree = "<group>"; };
		EC00DBCF251C9D5B0010366A /* BattleDetailViewController.swift */ = {isa = PBXFileReference; lastKnownFileType = sourcecode.swift; path = BattleDetailViewController.swift; sourceTree = "<group>"; };
		EC00DBD2251CA05F0010366A /* BattleDetail.storyboard */ = {isa = PBXFileReference; lastKnownFileType = file.storyboard; path = BattleDetail.storyboard; sourceTree = "<group>"; };
		EC00DBD6251CA11D0010366A /* TabBarController.swift */ = {isa = PBXFileReference; lastKnownFileType = sourcecode.swift; path = TabBarController.swift; sourceTree = "<group>"; };
		EC00DBE3251CC57F0010366A /* BattleRecordListCell.swift */ = {isa = PBXFileReference; lastKnownFileType = sourcecode.swift; path = BattleRecordListCell.swift; sourceTree = "<group>"; };
		EC00DBE9251CC5CE0010366A /* BattleRecordListCell.xib */ = {isa = PBXFileReference; lastKnownFileType = file.xib; path = BattleRecordListCell.xib; sourceTree = "<group>"; };
		EC00DBF2251CD29C0010366A /* AnimatableModifier.swift */ = {isa = PBXFileReference; fileEncoding = 4; lastKnownFileType = sourcecode.swift; path = AnimatableModifier.swift; sourceTree = "<group>"; };
		EC00DBF3251CD29C0010366A /* TransitionModifier.swift */ = {isa = PBXFileReference; fileEncoding = 4; lastKnownFileType = sourcecode.swift; path = TransitionModifier.swift; sourceTree = "<group>"; };
		EC00DBF4251CD29C0010366A /* FontModifier.swift */ = {isa = PBXFileReference; fileEncoding = 4; lastKnownFileType = sourcecode.swift; path = FontModifier.swift; sourceTree = "<group>"; };
		EC00DC00251CD8770010366A /* BattleDataView.swift */ = {isa = PBXFileReference; fileEncoding = 4; lastKnownFileType = sourcecode.swift; path = BattleDataView.swift; sourceTree = "<group>"; };
		EC00DC02251CD8770010366A /* TeamView.swift */ = {isa = PBXFileReference; fileEncoding = 4; lastKnownFileType = sourcecode.swift; path = TeamView.swift; sourceTree = "<group>"; };
		EC00DC03251CD8770010366A /* BattleResultBar.swift */ = {isa = PBXFileReference; fileEncoding = 4; lastKnownFileType = sourcecode.swift; path = BattleResultBar.swift; sourceTree = "<group>"; };
		EC00DC04251CD8770010366A /* TeamsDataView.swift */ = {isa = PBXFileReference; fileEncoding = 4; lastKnownFileType = sourcecode.swift; path = TeamsDataView.swift; sourceTree = "<group>"; };
		EC00DC06251CD8770010366A /* MemberView.swift */ = {isa = PBXFileReference; fileEncoding = 4; lastKnownFileType = sourcecode.swift; path = MemberView.swift; sourceTree = "<group>"; };
		EC00DC18251CD90B0010366A /* RegularBattlePage.swift */ = {isa = PBXFileReference; fileEncoding = 4; lastKnownFileType = sourcecode.swift; path = RegularBattlePage.swift; sourceTree = "<group>"; };
		EC00DC1D251CEFD00010366A /* LoginViewController.swift */ = {isa = PBXFileReference; lastKnownFileType = sourcecode.swift; path = LoginViewController.swift; sourceTree = "<group>"; };
		EC565B5A251D882900CCAC9A /* NotificationName.swift */ = {isa = PBXFileReference; lastKnownFileType = sourcecode.swift; path = NotificationName.swift; sourceTree = "<group>"; };
		EC565B61251D956C00CCAC9A /* BattleRecordListRealTimeCell.swift */ = {isa = PBXFileReference; lastKnownFileType = sourcecode.swift; path = BattleRecordListRealTimeCell.swift; sourceTree = "<group>"; };
		EC565B65251D980700CCAC9A /* BattleRecordListRealTimeCell.xib */ = {isa = PBXFileReference; lastKnownFileType = file.xib; path = BattleRecordListRealTimeCell.xib; sourceTree = "<group>"; };
		EC6B826F251EF9E000B25307 /* UIView+Snapshot.swift */ = {isa = PBXFileReference; lastKnownFileType = sourcecode.swift; path = "UIView+Snapshot.swift"; sourceTree = "<group>"; };
		EC6B8274251F088800B25307 /* CompactBattlePage.swift */ = {isa = PBXFileReference; lastKnownFileType = sourcecode.swift; path = CompactBattlePage.swift; sourceTree = "<group>"; };
		EC900E71251C55FF00AA0B20 /* imink.app */ = {isa = PBXFileReference; explicitFileType = wrapper.application; includeInIndex = 0; path = imink.app; sourceTree = BUILT_PRODUCTS_DIR; };
		EC900E74251C55FF00AA0B20 /* AppDelegate.swift */ = {isa = PBXFileReference; lastKnownFileType = sourcecode.swift; path = AppDelegate.swift; sourceTree = "<group>"; };
		EC900E76251C55FF00AA0B20 /* SceneDelegate.swift */ = {isa = PBXFileReference; lastKnownFileType = sourcecode.swift; path = SceneDelegate.swift; sourceTree = "<group>"; };
		EC900E7B251C55FF00AA0B20 /* Base */ = {isa = PBXFileReference; lastKnownFileType = file.storyboard; name = Base; path = Base.lproj/Main.storyboard; sourceTree = "<group>"; };
		EC900E7D251C55FF00AA0B20 /* Assets.xcassets */ = {isa = PBXFileReference; lastKnownFileType = folder.assetcatalog; path = Assets.xcassets; sourceTree = "<group>"; };
		EC900E80251C55FF00AA0B20 /* Base */ = {isa = PBXFileReference; lastKnownFileType = file.storyboard; name = Base; path = Base.lproj/LaunchScreen.storyboard; sourceTree = "<group>"; };
		EC900E82251C55FF00AA0B20 /* Info.plist */ = {isa = PBXFileReference; lastKnownFileType = text.plist.xml; path = Info.plist; sourceTree = "<group>"; };
		EC900E89251C560C00AA0B20 /* imink.entitlements */ = {isa = PBXFileReference; lastKnownFileType = text.plist.entitlements; path = imink.entitlements; sourceTree = "<group>"; };
		EC900E92251C8EF600AA0B20 /* Splatoon2.otf */ = {isa = PBXFileReference; lastKnownFileType = file; path = Splatoon2.otf; sourceTree = "<group>"; };
		EC900E93251C8EF600AA0B20 /* Splatoon1.otf */ = {isa = PBXFileReference; lastKnownFileType = file; path = Splatoon1.otf; sourceTree = "<group>"; };
		EC900E95251C8EF600AA0B20 /* Decode&Encode.swift */ = {isa = PBXFileReference; fileEncoding = 4; lastKnownFileType = sourcecode.swift; path = "Decode&Encode.swift"; sourceTree = "<group>"; };
		EC900E96251C8EF600AA0B20 /* StatefulPreviewWrapper.swift */ = {isa = PBXFileReference; fileEncoding = 4; lastKnownFileType = sourcecode.swift; path = StatefulPreviewWrapper.swift; sourceTree = "<group>"; };
		EC900E97251C8EF600AA0B20 /* Collection.swift */ = {isa = PBXFileReference; fileEncoding = 4; lastKnownFileType = sourcecode.swift; path = Collection.swift; sourceTree = "<group>"; };
		EC900E98251C8EF600AA0B20 /* Easeing.swift */ = {isa = PBXFileReference; fileEncoding = 4; lastKnownFileType = sourcecode.swift; path = Easeing.swift; sourceTree = "<group>"; };
		EC900E99251C8EF600AA0B20 /* Operator.swift */ = {isa = PBXFileReference; fileEncoding = 4; lastKnownFileType = sourcecode.swift; path = Operator.swift; sourceTree = "<group>"; };
		EC900E9A251C8EF600AA0B20 /* UserDefaultsWrapper.swift */ = {isa = PBXFileReference; fileEncoding = 4; lastKnownFileType = sourcecode.swift; path = UserDefaultsWrapper.swift; sourceTree = "<group>"; };
		EC900E9B251C8EF600AA0B20 /* AppBundle.swift */ = {isa = PBXFileReference; fileEncoding = 4; lastKnownFileType = sourcecode.swift; path = AppBundle.swift; sourceTree = "<group>"; };
		EC900E9C251C8EF600AA0B20 /* StringInterpolation.swift */ = {isa = PBXFileReference; fileEncoding = 4; lastKnownFileType = sourcecode.swift; path = StringInterpolation.swift; sourceTree = "<group>"; };
		EC900E9D251C8EF600AA0B20 /* AutoPlayAnimation.swift */ = {isa = PBXFileReference; fileEncoding = 4; lastKnownFileType = sourcecode.swift; path = AutoPlayAnimation.swift; sourceTree = "<group>"; };
		EC900E9F251C8EF600AA0B20 /* Splatoon2API.swift */ = {isa = PBXFileReference; fileEncoding = 4; lastKnownFileType = sourcecode.swift; path = Splatoon2API.swift; sourceTree = "<group>"; };
		EC900EA0251C8EF600AA0B20 /* APITargetType.swift */ = {isa = PBXFileReference; fileEncoding = 4; lastKnownFileType = sourcecode.swift; path = APITargetType.swift; sourceTree = "<group>"; };
		EC900EA1251C8EF600AA0B20 /* AppAPI.swift */ = {isa = PBXFileReference; fileEncoding = 4; lastKnownFileType = sourcecode.swift; path = AppAPI.swift; sourceTree = "<group>"; };
		EC900EA2251C8EF600AA0B20 /* API.swift */ = {isa = PBXFileReference; fileEncoding = 4; lastKnownFileType = sourcecode.swift; path = API.swift; sourceTree = "<group>"; };
		EC900EA4251C8EF600AA0B20 /* AppColor.swift */ = {isa = PBXFileReference; fileEncoding = 4; lastKnownFileType = sourcecode.swift; path = AppColor.swift; sourceTree = "<group>"; };
		EC900EA5251C8EF600AA0B20 /* AppTheme.swift */ = {isa = PBXFileReference; fileEncoding = 4; lastKnownFileType = sourcecode.swift; path = AppTheme.swift; sourceTree = "<group>"; };
		EC900EA7251C8EF600AA0B20 /* User.swift */ = {isa = PBXFileReference; fileEncoding = 4; lastKnownFileType = sourcecode.swift; path = User.swift; sourceTree = "<group>"; };
		EC900EA9251C8EF600AA0B20 /* SP2Battle.swift */ = {isa = PBXFileReference; fileEncoding = 4; lastKnownFileType = sourcecode.swift; path = SP2Battle.swift; sourceTree = "<group>"; };
		EC900EAA251C8EF600AA0B20 /* SP2Player.swift */ = {isa = PBXFileReference; fileEncoding = 4; lastKnownFileType = sourcecode.swift; path = SP2Player.swift; sourceTree = "<group>"; };
		EC900EAB251C8EF600AA0B20 /* SP2TeamMember.swift */ = {isa = PBXFileReference; fileEncoding = 4; lastKnownFileType = sourcecode.swift; path = SP2TeamMember.swift; sourceTree = "<group>"; };
		EC900EAC251C8EF600AA0B20 /* SP2Weapon.swift */ = {isa = PBXFileReference; fileEncoding = 4; lastKnownFileType = sourcecode.swift; path = SP2Weapon.swift; sourceTree = "<group>"; };
		EC900EAD251C8EF600AA0B20 /* SP2TeamResult.swift */ = {isa = PBXFileReference; fileEncoding = 4; lastKnownFileType = sourcecode.swift; path = SP2TeamResult.swift; sourceTree = "<group>"; };
		EC900EAE251C8EF600AA0B20 /* SP2BattleOverview.swift */ = {isa = PBXFileReference; fileEncoding = 4; lastKnownFileType = sourcecode.swift; path = SP2BattleOverview.swift; sourceTree = "<group>"; };
		EC900EB0251C8EF700AA0B20 /* AppDatabase.swift */ = {isa = PBXFileReference; fileEncoding = 4; lastKnownFileType = sourcecode.swift; path = AppDatabase.swift; sourceTree = "<group>"; };
		EC900EB1251C8EF700AA0B20 /* AppUserDefaults.swift */ = {isa = PBXFileReference; fileEncoding = 4; lastKnownFileType = sourcecode.swift; path = AppUserDefaults.swift; sourceTree = "<group>"; };
		EC900EB7251C8EF700AA0B20 /* result.json */ = {isa = PBXFileReference; fileEncoding = 4; lastKnownFileType = text.json; path = result.json; sourceTree = "<group>"; };
		EC900EB8251C8EF700AA0B20 /* Sample.swift */ = {isa = PBXFileReference; fileEncoding = 4; lastKnownFileType = sourcecode.swift; path = Sample.swift; sourceTree = "<group>"; };
		EC900EB9251C8EF700AA0B20 /* results.json */ = {isa = PBXFileReference; fileEncoding = 4; lastKnownFileType = text.json; path = results.json; sourceTree = "<group>"; };
		EC900EBB251C8EF700AA0B20 /* LoginViewModel.swift */ = {isa = PBXFileReference; fileEncoding = 4; lastKnownFileType = sourcecode.swift; path = LoginViewModel.swift; sourceTree = "<group>"; };
		EC900EBC251C8EF700AA0B20 /* MainViewModel.swift */ = {isa = PBXFileReference; fileEncoding = 4; lastKnownFileType = sourcecode.swift; path = MainViewModel.swift; sourceTree = "<group>"; };
		EC900EBD251C8EF700AA0B20 /* BattleListViewModel.swift */ = {isa = PBXFileReference; fileEncoding = 4; lastKnownFileType = sourcecode.swift; path = BattleListViewModel.swift; sourceTree = "<group>"; };
		EC900EBF251C8EF700AA0B20 /* Record.swift */ = {isa = PBXFileReference; fileEncoding = 4; lastKnownFileType = sourcecode.swift; path = Record.swift; sourceTree = "<group>"; };
		ECAE8DC325209BB6003D7EDC /* LoginPage.swift */ = {isa = PBXFileReference; lastKnownFileType = sourcecode.swift; path = LoginPage.swift; sourceTree = "<group>"; };
		ECAE8DCA2520B7E0003D7EDC /* en */ = {isa = PBXFileReference; lastKnownFileType = text.plist.strings; name = en; path = en.lproj/Localizable.strings; sourceTree = "<group>"; };
		ECC5CAB32525B2D2000E38DE /* BattleSplitViewController.swift */ = {isa = PBXFileReference; lastKnownFileType = sourcecode.swift; path = BattleSplitViewController.swift; sourceTree = "<group>"; };
/* End PBXFileReference section */

/* Begin PBXFrameworksBuildPhase section */
		EC900E6E251C55FF00AA0B20 /* Frameworks */ = {
			isa = PBXFrameworksBuildPhase;
			buildActionMask = 2147483647;
			files = (
				EC43AA5C251CCDF000283D28 /* SDWebImageSwiftUI in Frameworks */,
				EC606045251CD5B200DCF35E /* SnapKit in Frameworks */,
				EC43AA54251C95DE00283D28 /* SDWebImage in Frameworks */,
				EC43AA58251C9A7100283D28 /* GRDB in Frameworks */,
			);
			runOnlyForDeploymentPostprocessing = 0;
		};
/* End PBXFrameworksBuildPhase section */

/* Begin PBXGroup section */
		EC00DBC2251C9AD90010366A /* Views */ = {
			isa = PBXGroup;
			children = (
				EC00DBEC251CCA710010366A /* SwiftUI */,
				EC00DBE2251CC5440010366A /* Subviews */,
				EC900E7A251C55FF00AA0B20 /* Main.storyboard */,
				EC00DBD2251CA05F0010366A /* BattleDetail.storyboard */,
				EC00DBD6251CA11D0010366A /* TabBarController.swift */,
				EC00DC1D251CEFD00010366A /* LoginViewController.swift */,
				EC00DBCC251C9CAE0010366A /* BattleRecordListViewController.swift */,
				EC00DBCF251C9D5B0010366A /* BattleDetailViewController.swift */,
				ECC5CAB32525B2D2000E38DE /* BattleSplitViewController.swift */,
			);
			path = Views;
			sourceTree = "<group>";
		};
		EC00DBC4251C9BD80010366A /* Delegates */ = {
			isa = PBXGroup;
			children = (
				EC900E74251C55FF00AA0B20 /* AppDelegate.swift */,
				EC900E76251C55FF00AA0B20 /* SceneDelegate.swift */,
				EC00DBC9251C9C0C0010366A /* ToolbarDelegate.swift */,
			);
			path = Delegates;
			sourceTree = "<group>";
		};
		EC00DBE2251CC5440010366A /* Subviews */ = {
			isa = PBXGroup;
			children = (
				EC00DBE3251CC57F0010366A /* BattleRecordListCell.swift */,
				EC00DBE9251CC5CE0010366A /* BattleRecordListCell.xib */,
				EC565B61251D956C00CCAC9A /* BattleRecordListRealTimeCell.swift */,
				EC565B65251D980700CCAC9A /* BattleRecordListRealTimeCell.xib */,
			);
			path = Subviews;
			sourceTree = "<group>";
		};
		EC00DBEC251CCA710010366A /* SwiftUI */ = {
			isa = PBXGroup;
			children = (
				EC00DBF1251CD29C0010366A /* ViewModifiers */,
				EC00DBFF251CD8770010366A /* Views */,
				EC6B8274251F088800B25307 /* CompactBattlePage.swift */,
				EC00DC18251CD90B0010366A /* RegularBattlePage.swift */,
				ECAE8DC325209BB6003D7EDC /* LoginPage.swift */,
			);
			path = SwiftUI;
			sourceTree = "<group>";
		};
		EC00DBF1251CD29C0010366A /* ViewModifiers */ = {
			isa = PBXGroup;
			children = (
				EC00DBF2251CD29C0010366A /* AnimatableModifier.swift */,
				EC00DBF3251CD29C0010366A /* TransitionModifier.swift */,
				EC00DBF4251CD29C0010366A /* FontModifier.swift */,
			);
			path = ViewModifiers;
			sourceTree = "<group>";
		};
		EC00DBFF251CD8770010366A /* Views */ = {
			isa = PBXGroup;
			children = (
				EC00DC00251CD8770010366A /* BattleDataView.swift */,
				EC00DC02251CD8770010366A /* TeamView.swift */,
				EC00DC03251CD8770010366A /* BattleResultBar.swift */,
				EC00DC04251CD8770010366A /* TeamsDataView.swift */,
				EC00DC06251CD8770010366A /* MemberView.swift */,
			);
			name = Views;
			path = Views/Views;
			sourceTree = "<group>";
		};
		EC900E68251C55FE00AA0B20 = {
			isa = PBXGroup;
			children = (
				EC900E73251C55FF00AA0B20 /* imink */,
				EC900E72251C55FF00AA0B20 /* Products */,
			);
			sourceTree = "<group>";
		};
		EC900E72251C55FF00AA0B20 /* Products */ = {
			isa = PBXGroup;
			children = (
				EC900E71251C55FF00AA0B20 /* imink.app */,
			);
			name = Products;
			sourceTree = "<group>";
		};
		EC900E73251C55FF00AA0B20 /* imink */ = {
			isa = PBXGroup;
			children = (
				EC900E9E251C8EF600AA0B20 /* API */,
				EC900EAF251C8EF700AA0B20 /* Data */,
				EC900E91251C8EF600AA0B20 /* Font */,
				EC900EA6251C8EF600AA0B20 /* Models */,
				EC900EBE251C8EF700AA0B20 /* DBModels */,
				EC900EB5251C8EF700AA0B20 /* Resources */,
				EC900EA3251C8EF600AA0B20 /* Theme */,
				EC900E94251C8EF600AA0B20 /* Utils */,
				EC900EBA251C8EF700AA0B20 /* ViewModels */,
				EC00DBC2251C9AD90010366A /* Views */,
				EC00DBC4251C9BD80010366A /* Delegates */,
				EC900E89251C560C00AA0B20 /* imink.entitlements */,
				EC565B5A251D882900CCAC9A /* NotificationName.swift */,
				EC900E7D251C55FF00AA0B20 /* Assets.xcassets */,
				EC900E7F251C55FF00AA0B20 /* LaunchScreen.storyboard */,
				EC900E82251C55FF00AA0B20 /* Info.plist */,
				ECAE8DCB2520B7E0003D7EDC /* Localizable.strings */,
			);
			path = imink;
			sourceTree = "<group>";
		};
		EC900E91251C8EF600AA0B20 /* Font */ = {
			isa = PBXGroup;
			children = (
				EC900E92251C8EF600AA0B20 /* Splatoon2.otf */,
				EC900E93251C8EF600AA0B20 /* Splatoon1.otf */,
			);
			path = Font;
			sourceTree = "<group>";
		};
		EC900E94251C8EF600AA0B20 /* Utils */ = {
			isa = PBXGroup;
			children = (
				EC900E95251C8EF600AA0B20 /* Decode&Encode.swift */,
				EC900E96251C8EF600AA0B20 /* StatefulPreviewWrapper.swift */,
				EC900E97251C8EF600AA0B20 /* Collection.swift */,
				EC900E98251C8EF600AA0B20 /* Easeing.swift */,
				EC900E99251C8EF600AA0B20 /* Operator.swift */,
				EC900E9A251C8EF600AA0B20 /* UserDefaultsWrapper.swift */,
				EC900E9B251C8EF600AA0B20 /* AppBundle.swift */,
				EC900E9C251C8EF600AA0B20 /* StringInterpolation.swift */,
				EC900E9D251C8EF600AA0B20 /* AutoPlayAnimation.swift */,
				EC6B826F251EF9E000B25307 /* UIView+Snapshot.swift */,
			);
			path = Utils;
			sourceTree = "<group>";
		};
		EC900E9E251C8EF600AA0B20 /* API */ = {
			isa = PBXGroup;
			children = (
				EC900E9F251C8EF600AA0B20 /* Splatoon2API.swift */,
				EC900EA0251C8EF600AA0B20 /* APITargetType.swift */,
				EC900EA1251C8EF600AA0B20 /* AppAPI.swift */,
				EC900EA2251C8EF600AA0B20 /* API.swift */,
			);
			path = API;
			sourceTree = "<group>";
		};
		EC900EA3251C8EF600AA0B20 /* Theme */ = {
			isa = PBXGroup;
			children = (
				EC900EA4251C8EF600AA0B20 /* AppColor.swift */,
				EC900EA5251C8EF600AA0B20 /* AppTheme.swift */,
			);
			path = Theme;
			sourceTree = "<group>";
		};
		EC900EA6251C8EF600AA0B20 /* Models */ = {
			isa = PBXGroup;
			children = (
				EC900EA7251C8EF600AA0B20 /* User.swift */,
				EC900EA8251C8EF600AA0B20 /* Splatoon2 */,
			);
			path = Models;
			sourceTree = "<group>";
		};
		EC900EA8251C8EF600AA0B20 /* Splatoon2 */ = {
			isa = PBXGroup;
			children = (
				EC900EA9251C8EF600AA0B20 /* SP2Battle.swift */,
				EC900EAA251C8EF600AA0B20 /* SP2Player.swift */,
				EC900EAB251C8EF600AA0B20 /* SP2TeamMember.swift */,
				EC900EAC251C8EF600AA0B20 /* SP2Weapon.swift */,
				EC900EAD251C8EF600AA0B20 /* SP2TeamResult.swift */,
				EC900EAE251C8EF600AA0B20 /* SP2BattleOverview.swift */,
			);
			path = Splatoon2;
			sourceTree = "<group>";
		};
		EC900EAF251C8EF700AA0B20 /* Data */ = {
			isa = PBXGroup;
			children = (
				EC900EB0251C8EF700AA0B20 /* AppDatabase.swift */,
				EC900EB1251C8EF700AA0B20 /* AppUserDefaults.swift */,
			);
			path = Data;
			sourceTree = "<group>";
		};
		EC900EB5251C8EF700AA0B20 /* Resources */ = {
			isa = PBXGroup;
			children = (
				EC900EB6251C8EF700AA0B20 /* Samples */,
			);
			path = Resources;
			sourceTree = "<group>";
		};
		EC900EB6251C8EF700AA0B20 /* Samples */ = {
			isa = PBXGroup;
			children = (
				EC900EB7251C8EF700AA0B20 /* result.json */,
				EC900EB8251C8EF700AA0B20 /* Sample.swift */,
				EC900EB9251C8EF700AA0B20 /* results.json */,
			);
			path = Samples;
			sourceTree = "<group>";
		};
		EC900EBA251C8EF700AA0B20 /* ViewModels */ = {
			isa = PBXGroup;
			children = (
				EC900EBB251C8EF700AA0B20 /* LoginViewModel.swift */,
				EC900EBC251C8EF700AA0B20 /* MainViewModel.swift */,
				EC900EBD251C8EF700AA0B20 /* BattleListViewModel.swift */,
			);
			path = ViewModels;
			sourceTree = "<group>";
		};
		EC900EBE251C8EF700AA0B20 /* DBModels */ = {
			isa = PBXGroup;
			children = (
				EC900EBF251C8EF700AA0B20 /* Record.swift */,
			);
			path = DBModels;
			sourceTree = "<group>";
		};
/* End PBXGroup section */

/* Begin PBXNativeTarget section */
		EC900E70251C55FF00AA0B20 /* imink */ = {
			isa = PBXNativeTarget;
			buildConfigurationList = EC900E85251C55FF00AA0B20 /* Build configuration list for PBXNativeTarget "imink" */;
			buildPhases = (
				EC900E6D251C55FF00AA0B20 /* Sources */,
				EC900E6E251C55FF00AA0B20 /* Frameworks */,
				EC900E6F251C55FF00AA0B20 /* Resources */,
				ECAE8DBA25207FA1003D7EDC /* Embed App Clips */,
			);
			buildRules = (
			);
			dependencies = (
			);
			name = imink;
			packageProductDependencies = (
				EC43AA53251C95DE00283D28 /* SDWebImage */,
				EC43AA57251C9A7100283D28 /* GRDB */,
				EC43AA5B251CCDF000283D28 /* SDWebImageSwiftUI */,
				EC606044251CD5B200DCF35E /* SnapKit */,
			);
			productName = imink;
			productReference = EC900E71251C55FF00AA0B20 /* imink.app */;
			productType = "com.apple.product-type.application";
		};
/* End PBXNativeTarget section */

/* Begin PBXProject section */
		EC900E69251C55FE00AA0B20 /* Project object */ = {
			isa = PBXProject;
			attributes = {
				LastSwiftUpdateCheck = 1220;
				LastUpgradeCheck = 1220;
				TargetAttributes = {
					EC900E70251C55FF00AA0B20 = {
						CreatedOnToolsVersion = 12.2;
					};
				};
			};
			buildConfigurationList = EC900E6C251C55FE00AA0B20 /* Build configuration list for PBXProject "imink" */;
			compatibilityVersion = "Xcode 9.3";
			developmentRegion = en;
			hasScannedForEncodings = 0;
			knownRegions = (
				en,
				Base,
			);
			mainGroup = EC900E68251C55FE00AA0B20;
			packageReferences = (
				EC43AA52251C95DE00283D28 /* XCRemoteSwiftPackageReference "SDWebImage" */,
				EC43AA56251C9A7100283D28 /* XCRemoteSwiftPackageReference "GRDB.swift" */,
				EC43AA5A251CCDF000283D28 /* XCRemoteSwiftPackageReference "SDWebImageSwiftUI" */,
				EC606043251CD5B200DCF35E /* XCRemoteSwiftPackageReference "SnapKit" */,
			);
			productRefGroup = EC900E72251C55FF00AA0B20 /* Products */;
			projectDirPath = "";
			projectRoot = "";
			targets = (
				EC900E70251C55FF00AA0B20 /* imink */,
			);
		};
/* End PBXProject section */

/* Begin PBXResourcesBuildPhase section */
		EC900E6F251C55FF00AA0B20 /* Resources */ = {
			isa = PBXResourcesBuildPhase;
			buildActionMask = 2147483647;
			files = (
				EC900E81251C55FF00AA0B20 /* LaunchScreen.storyboard in Resources */,
				EC00DBEA251CC5CE0010366A /* BattleRecordListCell.xib in Resources */,
				ECAE8DC92520B7E0003D7EDC /* Localizable.strings in Resources */,
				EC900E7E251C55FF00AA0B20 /* Assets.xcassets in Resources */,
				EC900EDB251C8EF700AA0B20 /* result.json in Resources */,
				EC00DBD3251CA05F0010366A /* BattleDetail.storyboard in Resources */,
				EC900EC1251C8EF700AA0B20 /* Splatoon1.otf in Resources */,
				EC565B66251D980700CCAC9A /* BattleRecordListRealTimeCell.xib in Resources */,
				EC900EC0251C8EF700AA0B20 /* Splatoon2.otf in Resources */,
				EC900EDD251C8EF700AA0B20 /* results.json in Resources */,
				EC900E7C251C55FF00AA0B20 /* Main.storyboard in Resources */,
			);
			runOnlyForDeploymentPostprocessing = 0;
		};
/* End PBXResourcesBuildPhase section */

/* Begin PBXSourcesBuildPhase section */
		EC900E6D251C55FF00AA0B20 /* Sources */ = {
			isa = PBXSourcesBuildPhase;
			buildActionMask = 2147483647;
			files = (
				EC900E75251C55FF00AA0B20 /* AppDelegate.swift in Sources */,
				EC900ED6251C8EF700AA0B20 /* SP2TeamResult.swift in Sources */,
				EC00DBF7251CD29C0010366A /* FontModifier.swift in Sources */,
				EC00DBF6251CD29C0010366A /* TransitionModifier.swift in Sources */,
				EC00DC0B251CD8770010366A /* TeamView.swift in Sources */,
				EC900ED0251C8EF700AA0B20 /* AppTheme.swift in Sources */,
				EC900ED9251C8EF700AA0B20 /* AppUserDefaults.swift in Sources */,
				EC900ED7251C8EF700AA0B20 /* SP2BattleOverview.swift in Sources */,
				EC00DC19251CD90B0010366A /* RegularBattlePage.swift in Sources */,
				EC00DC09251CD8770010366A /* BattleDataView.swift in Sources */,
				EC900ECD251C8EF700AA0B20 /* AppAPI.swift in Sources */,
				EC900EC2251C8EF700AA0B20 /* Decode&Encode.swift in Sources */,
				EC565B62251D956C00CCAC9A /* BattleRecordListRealTimeCell.swift in Sources */,
				EC00DBCD251C9CAE0010366A /* BattleRecordListViewController.swift in Sources */,
				ECC5CAB42525B2D2000E38DE /* BattleSplitViewController.swift in Sources */,
				EC900EC9251C8EF700AA0B20 /* StringInterpolation.swift in Sources */,
				EC00DBE4251CC57F0010366A /* BattleRecordListCell.swift in Sources */,
				EC00DBD0251C9D5B0010366A /* BattleDetailViewController.swift in Sources */,
				EC00DC0D251CD8770010366A /* TeamsDataView.swift in Sources */,
				EC900E77251C55FF00AA0B20 /* SceneDelegate.swift in Sources */,
				EC900ECA251C8EF700AA0B20 /* AutoPlayAnimation.swift in Sources */,
				EC900ED1251C8EF700AA0B20 /* User.swift in Sources */,
				EC6B8275251F088800B25307 /* CompactBattlePage.swift in Sources */,
				EC900EC5251C8EF700AA0B20 /* Easeing.swift in Sources */,
				EC00DC1E251CEFD00010366A /* LoginViewController.swift in Sources */,
				EC900EC3251C8EF700AA0B20 /* StatefulPreviewWrapper.swift in Sources */,
				EC900EC7251C8EF700AA0B20 /* UserDefaultsWrapper.swift in Sources */,
				EC900EC4251C8EF700AA0B20 /* Collection.swift in Sources */,
				EC900EC8251C8EF700AA0B20 /* AppBundle.swift in Sources */,
				EC900EE1251C8EF700AA0B20 /* Record.swift in Sources */,
				EC565B5B251D882900CCAC9A /* NotificationName.swift in Sources */,
				EC6B8270251EF9E000B25307 /* UIView+Snapshot.swift in Sources */,
				EC900EC6251C8EF700AA0B20 /* Operator.swift in Sources */,
				EC900ECC251C8EF700AA0B20 /* APITargetType.swift in Sources */,
				EC900ED8251C8EF700AA0B20 /* AppDatabase.swift in Sources */,
				EC900ED2251C8EF700AA0B20 /* SP2Battle.swift in Sources */,
				ECAE8DC425209BB6003D7EDC /* LoginPage.swift in Sources */,
				EC900ED5251C8EF700AA0B20 /* SP2Weapon.swift in Sources */,
				EC900EDC251C8EF700AA0B20 /* Sample.swift in Sources */,
				EC900EE0251C8EF700AA0B20 /* BattleListViewModel.swift in Sources */,
				EC00DBF5251CD29C0010366A /* AnimatableModifier.swift in Sources */,
				EC00DBD7251CA11D0010366A /* TabBarController.swift in Sources */,
				EC00DC0F251CD8770010366A /* MemberView.swift in Sources */,
				EC00DC0C251CD8770010366A /* BattleResultBar.swift in Sources */,
				EC900ED3251C8EF700AA0B20 /* SP2Player.swift in Sources */,
				EC900ECE251C8EF700AA0B20 /* API.swift in Sources */,
				EC900ECB251C8EF700AA0B20 /* Splatoon2API.swift in Sources */,
				EC900ECF251C8EF700AA0B20 /* AppColor.swift in Sources */,
				EC900EDE251C8EF700AA0B20 /* LoginViewModel.swift in Sources */,
				EC00DBCA251C9C0C0010366A /* ToolbarDelegate.swift in Sources */,
				EC900ED4251C8EF700AA0B20 /* SP2TeamMember.swift in Sources */,
				EC900EDF251C8EF700AA0B20 /* MainViewModel.swift in Sources */,
			);
			runOnlyForDeploymentPostprocessing = 0;
		};
/* End PBXSourcesBuildPhase section */

/* Begin PBXVariantGroup section */
		EC900E7A251C55FF00AA0B20 /* Main.storyboard */ = {
			isa = PBXVariantGroup;
			children = (
				EC900E7B251C55FF00AA0B20 /* Base */,
			);
			name = Main.storyboard;
			sourceTree = "<group>";
		};
		EC900E7F251C55FF00AA0B20 /* LaunchScreen.storyboard */ = {
			isa = PBXVariantGroup;
			children = (
				EC900E80251C55FF00AA0B20 /* Base */,
			);
			name = LaunchScreen.storyboard;
			sourceTree = "<group>";
		};
		ECAE8DCB2520B7E0003D7EDC /* Localizable.strings */ = {
			isa = PBXVariantGroup;
			children = (
				ECAE8DCA2520B7E0003D7EDC /* en */,
			);
			name = Localizable.strings;
			sourceTree = "<group>";
		};
/* End PBXVariantGroup section */

/* Begin XCBuildConfiguration section */
		EC900E83251C55FF00AA0B20 /* Debug */ = {
			isa = XCBuildConfiguration;
			buildSettings = {
				ALWAYS_SEARCH_USER_PATHS = NO;
				CLANG_ANALYZER_NONNULL = YES;
				CLANG_ANALYZER_NUMBER_OBJECT_CONVERSION = YES_AGGRESSIVE;
				CLANG_CXX_LANGUAGE_STANDARD = "gnu++14";
				CLANG_CXX_LIBRARY = "libc++";
				CLANG_ENABLE_MODULES = YES;
				CLANG_ENABLE_OBJC_ARC = YES;
				CLANG_ENABLE_OBJC_WEAK = YES;
				CLANG_WARN_BLOCK_CAPTURE_AUTORELEASING = YES;
				CLANG_WARN_BOOL_CONVERSION = YES;
				CLANG_WARN_COMMA = YES;
				CLANG_WARN_CONSTANT_CONVERSION = YES;
				CLANG_WARN_DEPRECATED_OBJC_IMPLEMENTATIONS = YES;
				CLANG_WARN_DIRECT_OBJC_ISA_USAGE = YES_ERROR;
				CLANG_WARN_DOCUMENTATION_COMMENTS = YES;
				CLANG_WARN_EMPTY_BODY = YES;
				CLANG_WARN_ENUM_CONVERSION = YES;
				CLANG_WARN_INFINITE_RECURSION = YES;
				CLANG_WARN_INT_CONVERSION = YES;
				CLANG_WARN_NON_LITERAL_NULL_CONVERSION = YES;
				CLANG_WARN_OBJC_IMPLICIT_RETAIN_SELF = YES;
				CLANG_WARN_OBJC_LITERAL_CONVERSION = YES;
				CLANG_WARN_OBJC_ROOT_CLASS = YES_ERROR;
				CLANG_WARN_QUOTED_INCLUDE_IN_FRAMEWORK_HEADER = YES;
				CLANG_WARN_RANGE_LOOP_ANALYSIS = YES;
				CLANG_WARN_STRICT_PROTOTYPES = YES;
				CLANG_WARN_SUSPICIOUS_MOVE = YES;
				CLANG_WARN_UNGUARDED_AVAILABILITY = YES_AGGRESSIVE;
				CLANG_WARN_UNREACHABLE_CODE = YES;
				CLANG_WARN__DUPLICATE_METHOD_MATCH = YES;
				COPY_PHASE_STRIP = NO;
				DEBUG_INFORMATION_FORMAT = dwarf;
				ENABLE_STRICT_OBJC_MSGSEND = YES;
				ENABLE_TESTABILITY = YES;
				GCC_C_LANGUAGE_STANDARD = gnu11;
				GCC_DYNAMIC_NO_PIC = NO;
				GCC_NO_COMMON_BLOCKS = YES;
				GCC_OPTIMIZATION_LEVEL = 0;
				GCC_PREPROCESSOR_DEFINITIONS = (
					"DEBUG=1",
					"$(inherited)",
				);
				GCC_WARN_64_TO_32_BIT_CONVERSION = YES;
				GCC_WARN_ABOUT_RETURN_TYPE = YES_ERROR;
				GCC_WARN_UNDECLARED_SELECTOR = YES;
				GCC_WARN_UNINITIALIZED_AUTOS = YES_AGGRESSIVE;
				GCC_WARN_UNUSED_FUNCTION = YES;
				GCC_WARN_UNUSED_VARIABLE = YES;
				IPHONEOS_DEPLOYMENT_TARGET = 14.2;
				MTL_ENABLE_DEBUG_INFO = INCLUDE_SOURCE;
				MTL_FAST_MATH = YES;
				ONLY_ACTIVE_ARCH = YES;
				SDKROOT = iphoneos;
				SWIFT_ACTIVE_COMPILATION_CONDITIONS = DEBUG;
				SWIFT_OPTIMIZATION_LEVEL = "-Onone";
			};
			name = Debug;
		};
		EC900E84251C55FF00AA0B20 /* Release */ = {
			isa = XCBuildConfiguration;
			buildSettings = {
				ALWAYS_SEARCH_USER_PATHS = NO;
				CLANG_ANALYZER_NONNULL = YES;
				CLANG_ANALYZER_NUMBER_OBJECT_CONVERSION = YES_AGGRESSIVE;
				CLANG_CXX_LANGUAGE_STANDARD = "gnu++14";
				CLANG_CXX_LIBRARY = "libc++";
				CLANG_ENABLE_MODULES = YES;
				CLANG_ENABLE_OBJC_ARC = YES;
				CLANG_ENABLE_OBJC_WEAK = YES;
				CLANG_WARN_BLOCK_CAPTURE_AUTORELEASING = YES;
				CLANG_WARN_BOOL_CONVERSION = YES;
				CLANG_WARN_COMMA = YES;
				CLANG_WARN_CONSTANT_CONVERSION = YES;
				CLANG_WARN_DEPRECATED_OBJC_IMPLEMENTATIONS = YES;
				CLANG_WARN_DIRECT_OBJC_ISA_USAGE = YES_ERROR;
				CLANG_WARN_DOCUMENTATION_COMMENTS = YES;
				CLANG_WARN_EMPTY_BODY = YES;
				CLANG_WARN_ENUM_CONVERSION = YES;
				CLANG_WARN_INFINITE_RECURSION = YES;
				CLANG_WARN_INT_CONVERSION = YES;
				CLANG_WARN_NON_LITERAL_NULL_CONVERSION = YES;
				CLANG_WARN_OBJC_IMPLICIT_RETAIN_SELF = YES;
				CLANG_WARN_OBJC_LITERAL_CONVERSION = YES;
				CLANG_WARN_OBJC_ROOT_CLASS = YES_ERROR;
				CLANG_WARN_QUOTED_INCLUDE_IN_FRAMEWORK_HEADER = YES;
				CLANG_WARN_RANGE_LOOP_ANALYSIS = YES;
				CLANG_WARN_STRICT_PROTOTYPES = YES;
				CLANG_WARN_SUSPICIOUS_MOVE = YES;
				CLANG_WARN_UNGUARDED_AVAILABILITY = YES_AGGRESSIVE;
				CLANG_WARN_UNREACHABLE_CODE = YES;
				CLANG_WARN__DUPLICATE_METHOD_MATCH = YES;
				COPY_PHASE_STRIP = NO;
				DEBUG_INFORMATION_FORMAT = "dwarf-with-dsym";
				ENABLE_NS_ASSERTIONS = NO;
				ENABLE_STRICT_OBJC_MSGSEND = YES;
				GCC_C_LANGUAGE_STANDARD = gnu11;
				GCC_NO_COMMON_BLOCKS = YES;
				GCC_WARN_64_TO_32_BIT_CONVERSION = YES;
				GCC_WARN_ABOUT_RETURN_TYPE = YES_ERROR;
				GCC_WARN_UNDECLARED_SELECTOR = YES;
				GCC_WARN_UNINITIALIZED_AUTOS = YES_AGGRESSIVE;
				GCC_WARN_UNUSED_FUNCTION = YES;
				GCC_WARN_UNUSED_VARIABLE = YES;
				IPHONEOS_DEPLOYMENT_TARGET = 14.2;
				MTL_ENABLE_DEBUG_INFO = NO;
				MTL_FAST_MATH = YES;
				SDKROOT = iphoneos;
				SWIFT_COMPILATION_MODE = wholemodule;
				SWIFT_OPTIMIZATION_LEVEL = "-O";
				VALIDATE_PRODUCT = YES;
			};
			name = Release;
		};
		EC900E86251C55FF00AA0B20 /* Debug */ = {
			isa = XCBuildConfiguration;
			buildSettings = {
				ALWAYS_EMBED_SWIFT_STANDARD_LIBRARIES = YES;
				ASSETCATALOG_COMPILER_APPICON_NAME = AppIcon;
				ASSETCATALOG_COMPILER_GLOBAL_ACCENT_COLOR_NAME = AccentColor;
				CODE_SIGN_ENTITLEMENTS = imink/imink.entitlements;
				CODE_SIGN_STYLE = Automatic;
				CURRENT_PROJECT_VERSION = 13;
				DEVELOPMENT_TEAM = SRT8ZNLRFZ;
				INFOPLIST_FILE = imink/Info.plist;
				IPHONEOS_DEPLOYMENT_TARGET = 14.0;
				LD_RUNPATH_SEARCH_PATHS = (
					"$(inherited)",
					"@executable_path/Frameworks",
				);
				MARKETING_VERSION = 1.0.2;
				PRODUCT_BUNDLE_IDENTIFIER = jone.wang.imink;
				PRODUCT_NAME = "$(TARGET_NAME)";
				SUPPORTS_MACCATALYST = YES;
				SUPPORTS_MAC_DESIGNED_FOR_IPHONE_IPAD = YES;
				SWIFT_VERSION = 5.0;
				TARGETED_DEVICE_FAMILY = "1,2,6";
			};
			name = Debug;
		};
		EC900E87251C55FF00AA0B20 /* Release */ = {
			isa = XCBuildConfiguration;
			buildSettings = {
				ALWAYS_EMBED_SWIFT_STANDARD_LIBRARIES = YES;
				ASSETCATALOG_COMPILER_APPICON_NAME = AppIcon;
				ASSETCATALOG_COMPILER_GLOBAL_ACCENT_COLOR_NAME = AccentColor;
				CODE_SIGN_ENTITLEMENTS = imink/imink.entitlements;
				CODE_SIGN_STYLE = Automatic;
				CURRENT_PROJECT_VERSION = 13;
				DEVELOPMENT_TEAM = SRT8ZNLRFZ;
				INFOPLIST_FILE = imink/Info.plist;
				IPHONEOS_DEPLOYMENT_TARGET = 14.0;
				LD_RUNPATH_SEARCH_PATHS = (
					"$(inherited)",
					"@executable_path/Frameworks",
				);
				MARKETING_VERSION = 1.0.2;
				PRODUCT_BUNDLE_IDENTIFIER = jone.wang.imink;
				PRODUCT_NAME = "$(TARGET_NAME)";
				SUPPORTS_MACCATALYST = YES;
				SUPPORTS_MAC_DESIGNED_FOR_IPHONE_IPAD = YES;
				SWIFT_VERSION = 5.0;
				TARGETED_DEVICE_FAMILY = "1,2,6";
			};
			name = Release;
		};
/* End XCBuildConfiguration section */

/* Begin XCConfigurationList section */
		EC900E6C251C55FE00AA0B20 /* Build configuration list for PBXProject "imink" */ = {
			isa = XCConfigurationList;
			buildConfigurations = (
				EC900E83251C55FF00AA0B20 /* Debug */,
				EC900E84251C55FF00AA0B20 /* Release */,
			);
			defaultConfigurationIsVisible = 0;
			defaultConfigurationName = Release;
		};
		EC900E85251C55FF00AA0B20 /* Build configuration list for PBXNativeTarget "imink" */ = {
			isa = XCConfigurationList;
			buildConfigurations = (
				EC900E86251C55FF00AA0B20 /* Debug */,
				EC900E87251C55FF00AA0B20 /* Release */,
			);
			defaultConfigurationIsVisible = 0;
			defaultConfigurationName = Release;
		};
/* End XCConfigurationList section */

/* Begin XCRemoteSwiftPackageReference section */
		EC43AA52251C95DE00283D28 /* XCRemoteSwiftPackageReference "SDWebImage" */ = {
			isa = XCRemoteSwiftPackageReference;
			repositoryURL = "https://github.com/SDWebImage/SDWebImage.git";
			requirement = {
				kind = upToNextMajorVersion;
				minimumVersion = 5.9.1;
			};
		};
		EC43AA56251C9A7100283D28 /* XCRemoteSwiftPackageReference "GRDB.swift" */ = {
			isa = XCRemoteSwiftPackageReference;
			repositoryURL = "https://github.com/groue/GRDB.swift.git";
			requirement = {
				kind = upToNextMajorVersion;
				minimumVersion = 5.0.0;
			};
		};
		EC43AA5A251CCDF000283D28 /* XCRemoteSwiftPackageReference "SDWebImageSwiftUI" */ = {
			isa = XCRemoteSwiftPackageReference;
			repositoryURL = "https://github.com/SDWebImage/SDWebImageSwiftUI.git";
			requirement = {
				kind = upToNextMajorVersion;
				minimumVersion = 1.5.0;
			};
		};
		EC606043251CD5B200DCF35E /* XCRemoteSwiftPackageReference "SnapKit" */ = {
			isa = XCRemoteSwiftPackageReference;
			repositoryURL = "https://github.com/SnapKit/SnapKit.git";
			requirement = {
				kind = upToNextMajorVersion;
				minimumVersion = 5.0.1;
			};
		};
/* End XCRemoteSwiftPackageReference section */

/* Begin XCSwiftPackageProductDependency section */
		EC43AA53251C95DE00283D28 /* SDWebImage */ = {
			isa = XCSwiftPackageProductDependency;
			package = EC43AA52251C95DE00283D28 /* XCRemoteSwiftPackageReference "SDWebImage" */;
			productName = SDWebImage;
		};
		EC43AA57251C9A7100283D28 /* GRDB */ = {
			isa = XCSwiftPackageProductDependency;
			package = EC43AA56251C9A7100283D28 /* XCRemoteSwiftPackageReference "GRDB.swift" */;
			productName = GRDB;
		};
		EC43AA5B251CCDF000283D28 /* SDWebImageSwiftUI */ = {
			isa = XCSwiftPackageProductDependency;
			package = EC43AA5A251CCDF000283D28 /* XCRemoteSwiftPackageReference "SDWebImageSwiftUI" */;
			productName = SDWebImageSwiftUI;
		};
		EC606044251CD5B200DCF35E /* SnapKit */ = {
			isa = XCSwiftPackageProductDependency;
			package = EC606043251CD5B200DCF35E /* XCRemoteSwiftPackageReference "SnapKit" */;
			productName = SnapKit;
		};
/* End XCSwiftPackageProductDependency section */
	};
	rootObject = EC900E69251C55FE00AA0B20 /* Project object */;
}
