// !$*UTF8*$!
{
	archiveVersion = 1;
	classes = {
	};
	objectVersion = 52;
	objects = {

/* Begin PBXBuildFile section */
		BBC15A23256B9CE200B67514 /* InkCore.framework in Frameworks */ = {isa = PBXBuildFile; fileRef = EC17CB0C256B995900E34247 /* InkCore.framework */; };
		BBC15A24256B9CE200B67514 /* InkCore.framework in Embed Frameworks */ = {isa = PBXBuildFile; fileRef = EC17CB0C256B995900E34247 /* InkCore.framework */; settings = {ATTRIBUTES = (CodeSignOnCopy, RemoveHeadersOnCopy, ); }; };
		BBC15A2A256B9CEA00B67514 /* InkCore.framework in Frameworks */ = {isa = PBXBuildFile; fileRef = EC17CB0C256B995900E34247 /* InkCore.framework */; };
		EC00DBCA251C9C0C0010366A /* ToolbarDelegate.swift in Sources */ = {isa = PBXBuildFile; fileRef = EC00DBC9251C9C0C0010366A /* ToolbarDelegate.swift */; };
		EC00DBD7251CA11D0010366A /* TabBarController.swift in Sources */ = {isa = PBXBuildFile; fileRef = EC00DBD6251CA11D0010366A /* TabBarController.swift */; };
		EC00DBF5251CD29C0010366A /* AnimatableModifier.swift in Sources */ = {isa = PBXBuildFile; fileRef = EC00DBF2251CD29C0010366A /* AnimatableModifier.swift */; };
		EC00DBF6251CD29C0010366A /* TransitionModifier.swift in Sources */ = {isa = PBXBuildFile; fileRef = EC00DBF3251CD29C0010366A /* TransitionModifier.swift */; };
		EC11F1D625558C2D00E10F5F /* SalmonRunScheduleWidget.swift in Sources */ = {isa = PBXBuildFile; fileRef = EC11F1D525558C2D00E10F5F /* SalmonRunScheduleWidget.swift */; };
		EC11F1DB25558CAB00E10F5F /* SalmonRunScheduleMediumWidgetEntryView.swift in Sources */ = {isa = PBXBuildFile; fileRef = EC11F1DA25558CAB00E10F5F /* SalmonRunScheduleMediumWidgetEntryView.swift */; };
		EC11F1DF25558CB900E10F5F /* SalmonRunScheduleLargeWidgetEntryView.swift in Sources */ = {isa = PBXBuildFile; fileRef = EC11F1DE25558CB900E10F5F /* SalmonRunScheduleLargeWidgetEntryView.swift */; };
		EC11F1E525558E3500E10F5F /* SalmonRunScheduleProvider.swift in Sources */ = {isa = PBXBuildFile; fileRef = EC11F1E425558E3500E10F5F /* SalmonRunScheduleProvider.swift */; };
		EC17177D25FB114600500D13 /* OnboardingPage.swift in Sources */ = {isa = PBXBuildFile; fileRef = EC17177C25FB114500500D13 /* OnboardingPage.swift */; };
		EC17178325FB38CF00500D13 /* OnboardingViewModel.swift in Sources */ = {isa = PBXBuildFile; fileRef = EC17178225FB38CF00500D13 /* OnboardingViewModel.swift */; };
		EC17178B25FB653300500D13 /* NSOAPI.swift in Sources */ = {isa = PBXBuildFile; fileRef = EC17178A25FB653300500D13 /* NSOAPI.swift */; };
		EC17179325FBA98100500D13 /* NSOHash.swift in Sources */ = {isa = PBXBuildFile; fileRef = EC17179225FBA98100500D13 /* NSOHash.swift */; };
		EC1FAE3525D12B5A00B063B5 /* BattleListPage.swift in Sources */ = {isa = PBXBuildFile; fileRef = EC1FAE3425D12B5A00B063B5 /* BattleListPage.swift */; };
		EC1FAE3B25D12EF000B063B5 /* BattleDetailViewModel.swift in Sources */ = {isa = PBXBuildFile; fileRef = EC1FAE3A25D12EF000B063B5 /* BattleDetailViewModel.swift */; };
		EC1FAE4125D1335F00B063B5 /* BattleListItemView.swift in Sources */ = {isa = PBXBuildFile; fileRef = EC1FAE4025D1335F00B063B5 /* BattleListItemView.swift */; };
		EC25FE8B25B8A0C50085670D /* JobListPage.swift in Sources */ = {isa = PBXBuildFile; fileRef = EC25FE8A25B8A0C50085670D /* JobListPage.swift */; };
		EC25FE8F25B934640085670D /* JobListItemView.swift in Sources */ = {isa = PBXBuildFile; fileRef = EC25FE8E25B934640085670D /* JobListItemView.swift */; };
		EC25FEA025B960990085670D /* JobDetailPage.swift in Sources */ = {isa = PBXBuildFile; fileRef = EC25FE9F25B960990085670D /* JobDetailPage.swift */; };
		EC2C1597257CB7EF00528D80 /* WidgetBackgroundView.swift in Sources */ = {isa = PBXBuildFile; fileRef = EC2C1596257CB7EF00528D80 /* WidgetBackgroundView.swift */; };
		EC2C34AC25984CE20007BA4D /* BattleDetailMemberView.swift in Sources */ = {isa = PBXBuildFile; fileRef = EC2C34AB25984CE20007BA4D /* BattleDetailMemberView.swift */; };
		EC2C34B2259899590007BA4D /* BattleDetailResultBarView.swift in Sources */ = {isa = PBXBuildFile; fileRef = EC2C34B1259899590007BA4D /* BattleDetailResultBarView.swift */; };
		EC2C34BA2598D7210007BA4D /* Assets.xcassets in Resources */ = {isa = PBXBuildFile; fileRef = EC2C34B92598D7210007BA4D /* Assets.xcassets */; };
		EC2C34C12598D9440007BA4D /* GrayscaleTextureView.swift in Sources */ = {isa = PBXBuildFile; fileRef = EC68D1B22573933F0024C994 /* GrayscaleTextureView.swift */; };
		EC2C34CB2598E8940007BA4D /* Bundle.swift in Sources */ = {isa = PBXBuildFile; fileRef = EC2C34CA2598E8930007BA4D /* Bundle.swift */; };
		EC2F19DB2543306E00CE9B34 /* AboutPage.swift in Sources */ = {isa = PBXBuildFile; fileRef = EC2F19DA2543306E00CE9B34 /* AboutPage.swift */; };
		EC3120562599D55300CEE73B /* CornerRadiusModifier.swift in Sources */ = {isa = PBXBuildFile; fileRef = EC3120552599D55300CEE73B /* CornerRadiusModifier.swift */; };
		EC3120572599D55300CEE73B /* CornerRadiusModifier.swift in Sources */ = {isa = PBXBuildFile; fileRef = EC3120552599D55300CEE73B /* CornerRadiusModifier.swift */; };
		EC344FE925330351004A7AF1 /* MePage.swift in Sources */ = {isa = PBXBuildFile; fileRef = EC344FE825330351004A7AF1 /* MePage.swift */; };
		EC38A4E125330DAD00A81656 /* Bundle+Extension.swift in Sources */ = {isa = PBXBuildFile; fileRef = EC38A4E025330DAD00A81656 /* Bundle+Extension.swift */; };
		EC39703725482BE400557BD4 /* String+LocalizedString.swift in Sources */ = {isa = PBXBuildFile; fileRef = EC39703625482BE400557BD4 /* String+LocalizedString.swift */; };
		EC39703A25482C5300557BD4 /* String+LocalizedString.swift in Sources */ = {isa = PBXBuildFile; fileRef = EC39703625482BE400557BD4 /* String+LocalizedString.swift */; };
		EC4C70AC25B9CAFA00E6EF6E /* JobDetailWaveView.swift in Sources */ = {isa = PBXBuildFile; fileRef = EC4C70AB25B9CAFA00E6EF6E /* JobDetailWaveView.swift */; };
		EC4CA1742595C6B900B5C8CF /* BattleDetailPage.swift in Sources */ = {isa = PBXBuildFile; fileRef = EC4CA1732595C6B900B5C8CF /* BattleDetailPage.swift */; };
		EC4CA1782595DEAB00B5C8CF /* ConvenientColors.swift in Sources */ = {isa = PBXBuildFile; fileRef = EC4CA1772595DEAB00B5C8CF /* ConvenientColors.swift */; };
		EC4CA17C2595DEB000B5C8CF /* ConvenientColors.swift in Sources */ = {isa = PBXBuildFile; fileRef = EC4CA1772595DEAB00B5C8CF /* ConvenientColors.swift */; };
		EC4DF4F6252EF1510020B234 /* VDGridView.swift in Sources */ = {isa = PBXBuildFile; fileRef = EC4DF4F5252EF1510020B234 /* VDGridView.swift */; };
		EC5362482525D68E0037BD12 /* HomeViewModel.swift in Sources */ = {isa = PBXBuildFile; fileRef = EC5362472525D68E0037BD12 /* HomeViewModel.swift */; };
		EC53624B2525D7C70037BD12 /* TabBarViewModel.swift in Sources */ = {isa = PBXBuildFile; fileRef = EC53624A2525D7C70037BD12 /* TabBarViewModel.swift */; };
		EC5362532525DDDF0037BD12 /* HomePage.swift in Sources */ = {isa = PBXBuildFile; fileRef = EC5362522525DDDF0037BD12 /* HomePage.swift */; };
		EC565B5B251D882900CCAC9A /* NotificationName.swift in Sources */ = {isa = PBXBuildFile; fileRef = EC565B5A251D882900CCAC9A /* NotificationName.swift */; };
		EC571A30254A8DB400D1BFC6 /* NintendoAccountLoginViewController.swift in Sources */ = {isa = PBXBuildFile; fileRef = EC571A2F254A8DB400D1BFC6 /* NintendoAccountLoginViewController.swift */; };
		EC5D2629258FA02F004E7B3A /* TestFontView.swift in Sources */ = {isa = PBXBuildFile; fileRef = EC5D2628258FA02F004E7B3A /* TestFontView.swift */; };
		EC62E77325360B2B0028428C /* MeViewModel.swift in Sources */ = {isa = PBXBuildFile; fileRef = EC62E77225360B2B0028428C /* MeViewModel.swift */; };
		EC6B8270251EF9E000B25307 /* UIView+Snapshot.swift in Sources */ = {isa = PBXBuildFile; fileRef = EC6B826F251EF9E000B25307 /* UIView+Snapshot.swift */; };
		EC6CF3F425F36937005427B5 /* JobShiftCardView.swift in Sources */ = {isa = PBXBuildFile; fileRef = EC6CF3F325F36937005427B5 /* JobShiftCardView.swift */; };
		EC6CF3FE25F3F698005427B5 /* Splatfont 1 v1.008.otf in Resources */ = {isa = PBXBuildFile; fileRef = EC6CF3FC25F3F698005427B5 /* Splatfont 1 v1.008.otf */; };
		EC6CF3FF25F3F698005427B5 /* Splatfont 2 v1.009.otf in Resources */ = {isa = PBXBuildFile; fileRef = EC6CF3FD25F3F698005427B5 /* Splatfont 2 v1.009.otf */; };
		EC761295260B214C00C4D3AA /* NSOHelper.swift in Sources */ = {isa = PBXBuildFile; fileRef = EC761294260B214C00C4D3AA /* NSOHelper.swift */; };
		EC761296260B214C00C4D3AA /* NSOHelper.swift in Sources */ = {isa = PBXBuildFile; fileRef = EC761294260B214C00C4D3AA /* NSOHelper.swift */; };
		EC761299260B22BE00C4D3AA /* NSOAPI.swift in Sources */ = {isa = PBXBuildFile; fileRef = EC17178A25FB653300500D13 /* NSOAPI.swift */; };
		EC76129C260B22D000C4D3AA /* NSOHash.swift in Sources */ = {isa = PBXBuildFile; fileRef = EC17179225FBA98100500D13 /* NSOHash.swift */; };
		EC7652E0259200890098FD22 /* SplatNet2 in Frameworks */ = {isa = PBXBuildFile; productRef = EC7652DF259200890098FD22 /* SplatNet2 */; };
		EC7DF2F825B9A4B100B503F0 /* JobDetailTopCardView.swift in Sources */ = {isa = PBXBuildFile; fileRef = EC7DF2F725B9A4B100B503F0 /* JobDetailTopCardView.swift */; };
		EC807CA725F7385C003FC2E6 /* TodayView.swift in Sources */ = {isa = PBXBuildFile; fileRef = EC807CA625F7385C003FC2E6 /* TodayView.swift */; };
		EC8611C6253AB9C9003BA67A /* WidgetKit.framework in Frameworks */ = {isa = PBXBuildFile; fileRef = EC8611A8253AA873003BA67A /* WidgetKit.framework */; platformFilter = ios; };
		EC8611C7253AB9C9003BA67A /* SwiftUI.framework in Frameworks */ = {isa = PBXBuildFile; fileRef = EC8611AA253AA873003BA67A /* SwiftUI.framework */; };
		EC8611CC253AB9CB003BA67A /* Assets.xcassets in Resources */ = {isa = PBXBuildFile; fileRef = EC8611CB253AB9CB003BA67A /* Assets.xcassets */; };
		EC8611D0253AB9CB003BA67A /* WidgetExtension.appex in Embed App Extensions */ = {isa = PBXBuildFile; fileRef = EC8611C5253AB9C9003BA67A /* WidgetExtension.appex */; settings = {ATTRIBUTES = (RemoveHeadersOnCopy, ); }; };
		EC8611E5253AC359003BA67A /* AppWidget.swift in Sources */ = {isa = PBXBuildFile; fileRef = EC8611D7253ABA31003BA67A /* AppWidget.swift */; };
		EC861222253AC656003BA67A /* API.swift in Sources */ = {isa = PBXBuildFile; fileRef = EC900EA2251C8EF600AA0B20 /* API.swift */; };
		EC861223253AC656003BA67A /* AppAPI.swift in Sources */ = {isa = PBXBuildFile; fileRef = EC900EA1251C8EF600AA0B20 /* AppAPI.swift */; };
		EC861224253AC656003BA67A /* Splatoon2API.swift in Sources */ = {isa = PBXBuildFile; fileRef = EC900E9F251C8EF600AA0B20 /* Splatoon2API.swift */; };
		EC861225253AC656003BA67A /* APITargetType.swift in Sources */ = {isa = PBXBuildFile; fileRef = EC900EA0251C8EF600AA0B20 /* APITargetType.swift */; };
		EC861229253AC68C003BA67A /* AppUserDefaults.swift in Sources */ = {isa = PBXBuildFile; fileRef = EC900EB1251C8EF700AA0B20 /* AppUserDefaults.swift */; };
		EC861231253AC6D4003BA67A /* Models.swift in Sources */ = {isa = PBXBuildFile; fileRef = EC900EA9251C8EF600AA0B20 /* Models.swift */; };
		EC86123E253AC6ED003BA67A /* Operator.swift in Sources */ = {isa = PBXBuildFile; fileRef = EC900E99251C8EF600AA0B20 /* Operator.swift */; };
		EC86123F253AC6ED003BA67A /* AppBundle.swift in Sources */ = {isa = PBXBuildFile; fileRef = EC900E9B251C8EF600AA0B20 /* AppBundle.swift */; };
		EC861240253AC6ED003BA67A /* AutoPlayAnimation.swift in Sources */ = {isa = PBXBuildFile; fileRef = EC900E9D251C8EF600AA0B20 /* AutoPlayAnimation.swift */; };
		EC861241253AC6ED003BA67A /* NSLayoutConstraint+Mutiplier.swift in Sources */ = {isa = PBXBuildFile; fileRef = EC9A90352527437000390573 /* NSLayoutConstraint+Mutiplier.swift */; };
		EC861242253AC6ED003BA67A /* Bundle+Extension.swift in Sources */ = {isa = PBXBuildFile; fileRef = EC38A4E025330DAD00A81656 /* Bundle+Extension.swift */; };
		EC861243253AC6ED003BA67A /* Decode&Encode.swift in Sources */ = {isa = PBXBuildFile; fileRef = EC900E95251C8EF600AA0B20 /* Decode&Encode.swift */; };
		EC861244253AC6ED003BA67A /* Collection.swift in Sources */ = {isa = PBXBuildFile; fileRef = EC900E97251C8EF600AA0B20 /* Collection.swift */; };
		EC861245253AC6ED003BA67A /* UserDefaultsWrapper.swift in Sources */ = {isa = PBXBuildFile; fileRef = EC900E9A251C8EF600AA0B20 /* UserDefaultsWrapper.swift */; };
		EC861246253AC6ED003BA67A /* StringInterpolation.swift in Sources */ = {isa = PBXBuildFile; fileRef = EC900E9C251C8EF600AA0B20 /* StringInterpolation.swift */; };
		EC861247253AC6ED003BA67A /* Easeing.swift in Sources */ = {isa = PBXBuildFile; fileRef = EC900E98251C8EF600AA0B20 /* Easeing.swift */; };
		EC861248253AC6ED003BA67A /* UIView+Snapshot.swift in Sources */ = {isa = PBXBuildFile; fileRef = EC6B826F251EF9E000B25307 /* UIView+Snapshot.swift */; };
		EC861249253AC6ED003BA67A /* StatefulPreviewWrapper.swift in Sources */ = {isa = PBXBuildFile; fileRef = EC900E96251C8EF600AA0B20 /* StatefulPreviewWrapper.swift */; };
		EC86124E253AC70D003BA67A /* NotificationName.swift in Sources */ = {isa = PBXBuildFile; fileRef = EC565B5A251D882900CCAC9A /* NotificationName.swift */; };
		EC861258253ACACA003BA67A /* UserDefaults.swift in Sources */ = {isa = PBXBuildFile; fileRef = EC861257253ACACA003BA67A /* UserDefaults.swift */; };
		EC86126A253AD53D003BA67A /* UserDefaults.swift in Sources */ = {isa = PBXBuildFile; fileRef = EC861262253ACFE2003BA67A /* UserDefaults.swift */; };
		EC8B6B2326074F2100B645B5 /* LoginToken.swift in Sources */ = {isa = PBXBuildFile; fileRef = EC8B6B1926074E8200B645B5 /* LoginToken.swift */; };
		EC8B6B2426074F2100B645B5 /* NAUser.swift in Sources */ = {isa = PBXBuildFile; fileRef = EC8B6B1D26074E9700B645B5 /* NAUser.swift */; };
		EC8B6B2726074F2600B645B5 /* LoginToken.swift in Sources */ = {isa = PBXBuildFile; fileRef = EC8B6B1926074E8200B645B5 /* LoginToken.swift */; };
		EC8B6B2826074F2600B645B5 /* NAUser.swift in Sources */ = {isa = PBXBuildFile; fileRef = EC8B6B1D26074E9700B645B5 /* NAUser.swift */; };
		EC900E75251C55FF00AA0B20 /* AppDelegate.swift in Sources */ = {isa = PBXBuildFile; fileRef = EC900E74251C55FF00AA0B20 /* AppDelegate.swift */; };
		EC900E77251C55FF00AA0B20 /* SceneDelegate.swift in Sources */ = {isa = PBXBuildFile; fileRef = EC900E76251C55FF00AA0B20 /* SceneDelegate.swift */; };
		EC900E7C251C55FF00AA0B20 /* Main.storyboard in Resources */ = {isa = PBXBuildFile; fileRef = EC900E7A251C55FF00AA0B20 /* Main.storyboard */; };
		EC900E7E251C55FF00AA0B20 /* Assets.xcassets in Resources */ = {isa = PBXBuildFile; fileRef = EC900E7D251C55FF00AA0B20 /* Assets.xcassets */; };
		EC900E81251C55FF00AA0B20 /* LaunchScreen.storyboard in Resources */ = {isa = PBXBuildFile; fileRef = EC900E7F251C55FF00AA0B20 /* LaunchScreen.storyboard */; };
		EC900EC2251C8EF700AA0B20 /* Decode&Encode.swift in Sources */ = {isa = PBXBuildFile; fileRef = EC900E95251C8EF600AA0B20 /* Decode&Encode.swift */; };
		EC900EC3251C8EF700AA0B20 /* StatefulPreviewWrapper.swift in Sources */ = {isa = PBXBuildFile; fileRef = EC900E96251C8EF600AA0B20 /* StatefulPreviewWrapper.swift */; };
		EC900EC4251C8EF700AA0B20 /* Collection.swift in Sources */ = {isa = PBXBuildFile; fileRef = EC900E97251C8EF600AA0B20 /* Collection.swift */; };
		EC900EC5251C8EF700AA0B20 /* Easeing.swift in Sources */ = {isa = PBXBuildFile; fileRef = EC900E98251C8EF600AA0B20 /* Easeing.swift */; };
		EC900EC6251C8EF700AA0B20 /* Operator.swift in Sources */ = {isa = PBXBuildFile; fileRef = EC900E99251C8EF600AA0B20 /* Operator.swift */; };
		EC900EC7251C8EF700AA0B20 /* UserDefaultsWrapper.swift in Sources */ = {isa = PBXBuildFile; fileRef = EC900E9A251C8EF600AA0B20 /* UserDefaultsWrapper.swift */; };
		EC900EC8251C8EF700AA0B20 /* AppBundle.swift in Sources */ = {isa = PBXBuildFile; fileRef = EC900E9B251C8EF600AA0B20 /* AppBundle.swift */; };
		EC900EC9251C8EF700AA0B20 /* StringInterpolation.swift in Sources */ = {isa = PBXBuildFile; fileRef = EC900E9C251C8EF600AA0B20 /* StringInterpolation.swift */; };
		EC900ECA251C8EF700AA0B20 /* AutoPlayAnimation.swift in Sources */ = {isa = PBXBuildFile; fileRef = EC900E9D251C8EF600AA0B20 /* AutoPlayAnimation.swift */; };
		EC900ECB251C8EF700AA0B20 /* Splatoon2API.swift in Sources */ = {isa = PBXBuildFile; fileRef = EC900E9F251C8EF600AA0B20 /* Splatoon2API.swift */; };
		EC900ECC251C8EF700AA0B20 /* APITargetType.swift in Sources */ = {isa = PBXBuildFile; fileRef = EC900EA0251C8EF600AA0B20 /* APITargetType.swift */; };
		EC900ECD251C8EF700AA0B20 /* AppAPI.swift in Sources */ = {isa = PBXBuildFile; fileRef = EC900EA1251C8EF600AA0B20 /* AppAPI.swift */; };
		EC900ECE251C8EF700AA0B20 /* API.swift in Sources */ = {isa = PBXBuildFile; fileRef = EC900EA2251C8EF600AA0B20 /* API.swift */; };
		EC900ECF251C8EF700AA0B20 /* AppColor.swift in Sources */ = {isa = PBXBuildFile; fileRef = EC900EA4251C8EF600AA0B20 /* AppColor.swift */; };
		EC900ED0251C8EF700AA0B20 /* AppTheme.swift in Sources */ = {isa = PBXBuildFile; fileRef = EC900EA5251C8EF600AA0B20 /* AppTheme.swift */; };
		EC900ED2251C8EF700AA0B20 /* Models.swift in Sources */ = {isa = PBXBuildFile; fileRef = EC900EA9251C8EF600AA0B20 /* Models.swift */; };
		EC900ED8251C8EF700AA0B20 /* AppDatabase.swift in Sources */ = {isa = PBXBuildFile; fileRef = EC900EB0251C8EF700AA0B20 /* AppDatabase.swift */; };
		EC900ED9251C8EF700AA0B20 /* AppUserDefaults.swift in Sources */ = {isa = PBXBuildFile; fileRef = EC900EB1251C8EF700AA0B20 /* AppUserDefaults.swift */; };
		EC900EDE251C8EF700AA0B20 /* LoginViewModel.swift in Sources */ = {isa = PBXBuildFile; fileRef = EC900EBB251C8EF700AA0B20 /* LoginViewModel.swift */; };
		EC900EE0251C8EF700AA0B20 /* BattleListViewModel.swift in Sources */ = {isa = PBXBuildFile; fileRef = EC900EBD251C8EF700AA0B20 /* BattleListViewModel.swift */; };
		EC900EE1251C8EF700AA0B20 /* DBRecord.swift in Sources */ = {isa = PBXBuildFile; fileRef = EC900EBF251C8EF700AA0B20 /* DBRecord.swift */; };
		EC9440DB25406C3E00060E46 /* BattleScheduleProvider.swift in Sources */ = {isa = PBXBuildFile; fileRef = EC9440DA25406C3E00060E46 /* BattleScheduleProvider.swift */; };
		EC9440E125406C8200060E46 /* WidgetSize.swift in Sources */ = {isa = PBXBuildFile; fileRef = EC9440E025406C8200060E46 /* WidgetSize.swift */; };
		EC9440ED25406E2E00060E46 /* BattleScheduleLargeWidgetEntryView.swift in Sources */ = {isa = PBXBuildFile; fileRef = EC9440EC25406E2E00060E46 /* BattleScheduleLargeWidgetEntryView.swift */; };
		EC9440F125407ACA00060E46 /* BattleScheduleWidget.swift in Sources */ = {isa = PBXBuildFile; fileRef = EC9440F025407ACA00060E46 /* BattleScheduleWidget.swift */; };
		EC984217253ADE880079D739 /* AppColor.swift in Sources */ = {isa = PBXBuildFile; fileRef = EC900EA4251C8EF600AA0B20 /* AppColor.swift */; };
		EC984218253ADE880079D739 /* AppTheme.swift in Sources */ = {isa = PBXBuildFile; fileRef = EC900EA5251C8EF600AA0B20 /* AppTheme.swift */; };
		EC98421B253ADE970079D739 /* Localizable.strings in Resources */ = {isa = PBXBuildFile; fileRef = ECAE8DCB2520B7E0003D7EDC /* Localizable.strings */; };
		EC98422D253AE3B40079D739 /* BattleScheduleMediumWidgetEntryView.swift in Sources */ = {isa = PBXBuildFile; fileRef = EC984229253AE2720079D739 /* BattleScheduleMediumWidgetEntryView.swift */; };
		EC984232253AF3F70079D739 /* AnimatableModifier.swift in Sources */ = {isa = PBXBuildFile; fileRef = EC00DBF2251CD29C0010366A /* AnimatableModifier.swift */; };
		EC984234253AF3F70079D739 /* TransitionModifier.swift in Sources */ = {isa = PBXBuildFile; fileRef = EC00DBF3251CD29C0010366A /* TransitionModifier.swift */; };
		EC98424D253C25130079D739 /* UserDefaultsMigrator.swift in Sources */ = {isa = PBXBuildFile; fileRef = EC98424C253C25130079D739 /* UserDefaultsMigrator.swift */; };
		EC984253253D38110079D739 /* UserDefaultsMigrator.swift in Sources */ = {isa = PBXBuildFile; fileRef = EC98424C253C25130079D739 /* UserDefaultsMigrator.swift */; };
		EC9A90362527437000390573 /* NSLayoutConstraint+Mutiplier.swift in Sources */ = {isa = PBXBuildFile; fileRef = EC9A90352527437000390573 /* NSLayoutConstraint+Mutiplier.swift */; };
		EC9A90492527851C00390573 /* ScheduleView.swift in Sources */ = {isa = PBXBuildFile; fileRef = EC9A90482527851C00390573 /* ScheduleView.swift */; };
		EC9D0A5125A1747C00E8FF89 /* WeaponImageView.swift in Sources */ = {isa = PBXBuildFile; fileRef = EC9D0A5025A1747C00E8FF89 /* WeaponImageView.swift */; };
		EC9D0A5525A174A300E8FF89 /* StageImageView.swift in Sources */ = {isa = PBXBuildFile; fileRef = EC9D0A5425A174A300E8FF89 /* StageImageView.swift */; };
		EC9D0A5925A1761900E8FF89 /* SDWebImage in Frameworks */ = {isa = PBXBuildFile; productRef = EC9D0A5825A1761900E8FF89 /* SDWebImage */; };
		EC9D0A5B25A1761900E8FF89 /* SDWebImageMapKit in Frameworks */ = {isa = PBXBuildFile; productRef = EC9D0A5A25A1761900E8FF89 /* SDWebImageMapKit */; };
		EC9D0A5D25A1761900E8FF89 /* SDWebImageSwiftUI in Frameworks */ = {isa = PBXBuildFile; productRef = EC9D0A5C25A1761900E8FF89 /* SDWebImageSwiftUI */; };
		EC9D0A6925A18E2300E8FF89 /* ImageView.swift in Sources */ = {isa = PBXBuildFile; fileRef = EC9D0A6825A18E2300E8FF89 /* ImageView.swift */; };
		EC9D0A7325A1929400E8FF89 /* SalomonRunStageImageView.swift in Sources */ = {isa = PBXBuildFile; fileRef = EC9D0A7225A1929400E8FF89 /* SalomonRunStageImageView.swift */; };
		ECA695092531AC9D00376D95 /* PieView.swift in Sources */ = {isa = PBXBuildFile; fileRef = ECA695082531AC9D00376D95 /* PieView.swift */; };
		ECA6AD9E257E1C31005D873B /* FontModifier.swift in Sources */ = {isa = PBXBuildFile; fileRef = EC00DBF4251CD29C0010366A /* FontModifier.swift */; };
		ECA6AD9F257E1C31005D873B /* FontModifier.swift in Sources */ = {isa = PBXBuildFile; fileRef = EC00DBF4251CD29C0010366A /* FontModifier.swift */; };
		ECAE8DC92520B7E0003D7EDC /* Localizable.strings in Resources */ = {isa = PBXBuildFile; fileRef = ECAE8DCB2520B7E0003D7EDC /* Localizable.strings */; };
		ECB959A825B8387E0006E942 /* SynchronizeJobViewModel.swift in Sources */ = {isa = PBXBuildFile; fileRef = ECB959A625B8387E0006E942 /* SynchronizeJobViewModel.swift */; };
		ECB959A925B8387E0006E942 /* SynchronizeBattleViewModel.swift in Sources */ = {isa = PBXBuildFile; fileRef = ECB959A725B8387E0006E942 /* SynchronizeBattleViewModel.swift */; };
		ECB959AD25B85A4A0006E942 /* SynchronizeViewModel.swift in Sources */ = {isa = PBXBuildFile; fileRef = ECB959AC25B85A4A0006E942 /* SynchronizeViewModel.swift */; };
		ECB959B525B872BD0006E942 /* DBJob.swift in Sources */ = {isa = PBXBuildFile; fileRef = ECB959B425B872BD0006E942 /* DBJob.swift */; };
		ECB959CB25B896A80006E942 /* JobListViewModel.swift in Sources */ = {isa = PBXBuildFile; fileRef = ECB959CA25B896A80006E942 /* JobListViewModel.swift */; };
		ECC3F292252C85B6001E81E1 /* SalmonRunScheduleView.swift in Sources */ = {isa = PBXBuildFile; fileRef = ECC3F291252C85B6001E81E1 /* SalmonRunScheduleView.swift */; };
		ECD1FA4225F87903002E36DD /* LoginView.swift in Sources */ = {isa = PBXBuildFile; fileRef = ECD1FA4125F87903002E36DD /* LoginView.swift */; };
		ECD1FA5025F89EF8002E36DD /* FixVectorImage.swift in Sources */ = {isa = PBXBuildFile; fileRef = ECD1FA4F25F89EF8002E36DD /* FixVectorImage.swift */; };
		ECD2BFAE25BD8B5E00AA11CA /* JobDetailViewModel.swift in Sources */ = {isa = PBXBuildFile; fileRef = ECD2BFAD25BD8B5E00AA11CA /* JobDetailViewModel.swift */; };
		ECE6785C2585F79C00D750DB /* GRDB in Frameworks */ = {isa = PBXBuildFile; productRef = EC43AA57251C9A7100283D28 /* GRDB */; };
		ECE6785E2585F79C00D750DB /* SnapKit in Frameworks */ = {isa = PBXBuildFile; productRef = EC606044251CD5B200DCF35E /* SnapKit */; };
		ECF26EFE25BA9E3400F1FBCA /* JobDetailMemberView.swift in Sources */ = {isa = PBXBuildFile; fileRef = ECF26EFD25BA9E3400F1FBCA /* JobDetailMemberView.swift */; };
		ECF26F0325BACBDE00F1FBCA /* WaveShape.swift in Sources */ = {isa = PBXBuildFile; fileRef = ECF26F0225BACBDE00F1FBCA /* WaveShape.swift */; };
		ECF26F0425BACBDF00F1FBCA /* WaveShape.swift in Sources */ = {isa = PBXBuildFile; fileRef = ECF26F0225BACBDE00F1FBCA /* WaveShape.swift */; };
		ECF91ECF2609F58500FF7F55 /* MailView.swift in Sources */ = {isa = PBXBuildFile; fileRef = ECF91ECE2609F58500FF7F55 /* MailView.swift */; };
/* End PBXBuildFile section */

/* Begin PBXContainerItemProxy section */
		BBC15A25256B9CE300B67514 /* PBXContainerItemProxy */ = {
			isa = PBXContainerItemProxy;
			containerPortal = EC900E69251C55FE00AA0B20 /* Project object */;
			proxyType = 1;
			remoteGlobalIDString = EC17CB0B256B995900E34247;
			remoteInfo = InkCore;
		};
		BBC15A2C256B9CEA00B67514 /* PBXContainerItemProxy */ = {
			isa = PBXContainerItemProxy;
			containerPortal = EC900E69251C55FE00AA0B20 /* Project object */;
			proxyType = 1;
			remoteGlobalIDString = EC17CB0B256B995900E34247;
			remoteInfo = InkCore;
		};
		EC8611CE253AB9CB003BA67A /* PBXContainerItemProxy */ = {
			isa = PBXContainerItemProxy;
			containerPortal = EC900E69251C55FE00AA0B20 /* Project object */;
			proxyType = 1;
			remoteGlobalIDString = EC8611C4253AB9C9003BA67A;
			remoteInfo = SalmonRunSchedulesWidgetExtension;
		};
/* End PBXContainerItemProxy section */

/* Begin PBXCopyFilesBuildPhase section */
		BBC15A27256B9CE300B67514 /* Embed Frameworks */ = {
			isa = PBXCopyFilesBuildPhase;
			buildActionMask = 2147483647;
			dstPath = "";
			dstSubfolderSpec = 10;
			files = (
				BBC15A24256B9CE200B67514 /* InkCore.framework in Embed Frameworks */,
			);
			name = "Embed Frameworks";
			runOnlyForDeploymentPostprocessing = 0;
		};
		EC8611BC253AA876003BA67A /* Embed App Extensions */ = {
			isa = PBXCopyFilesBuildPhase;
			buildActionMask = 2147483647;
			dstPath = "";
			dstSubfolderSpec = 13;
			files = (
				EC8611D0253AB9CB003BA67A /* WidgetExtension.appex in Embed App Extensions */,
			);
			name = "Embed App Extensions";
			runOnlyForDeploymentPostprocessing = 0;
		};
		ECAE8DBA25207FA1003D7EDC /* Embed App Clips */ = {
			isa = PBXCopyFilesBuildPhase;
			buildActionMask = 2147483647;
			dstPath = "$(CONTENTS_FOLDER_PATH)/AppClips";
			dstSubfolderSpec = 16;
			files = (
			);
			name = "Embed App Clips";
			runOnlyForDeploymentPostprocessing = 0;
		};
/* End PBXCopyFilesBuildPhase section */

/* Begin PBXFileReference section */
		EC00DBC9251C9C0C0010366A /* ToolbarDelegate.swift */ = {isa = PBXFileReference; lastKnownFileType = sourcecode.swift; path = ToolbarDelegate.swift; sourceTree = "<group>"; };
		EC00DBD6251CA11D0010366A /* TabBarController.swift */ = {isa = PBXFileReference; lastKnownFileType = sourcecode.swift; path = TabBarController.swift; sourceTree = "<group>"; };
		EC00DBF2251CD29C0010366A /* AnimatableModifier.swift */ = {isa = PBXFileReference; fileEncoding = 4; lastKnownFileType = sourcecode.swift; path = AnimatableModifier.swift; sourceTree = "<group>"; };
		EC00DBF3251CD29C0010366A /* TransitionModifier.swift */ = {isa = PBXFileReference; fileEncoding = 4; lastKnownFileType = sourcecode.swift; path = TransitionModifier.swift; sourceTree = "<group>"; };
		EC00DBF4251CD29C0010366A /* FontModifier.swift */ = {isa = PBXFileReference; fileEncoding = 4; lastKnownFileType = sourcecode.swift; path = FontModifier.swift; sourceTree = "<group>"; };
		EC11F1D525558C2D00E10F5F /* SalmonRunScheduleWidget.swift */ = {isa = PBXFileReference; lastKnownFileType = sourcecode.swift; path = SalmonRunScheduleWidget.swift; sourceTree = "<group>"; };
		EC11F1DA25558CAB00E10F5F /* SalmonRunScheduleMediumWidgetEntryView.swift */ = {isa = PBXFileReference; lastKnownFileType = sourcecode.swift; path = SalmonRunScheduleMediumWidgetEntryView.swift; sourceTree = "<group>"; };
		EC11F1DE25558CB900E10F5F /* SalmonRunScheduleLargeWidgetEntryView.swift */ = {isa = PBXFileReference; lastKnownFileType = sourcecode.swift; path = SalmonRunScheduleLargeWidgetEntryView.swift; sourceTree = "<group>"; };
		EC11F1E425558E3500E10F5F /* SalmonRunScheduleProvider.swift */ = {isa = PBXFileReference; lastKnownFileType = sourcecode.swift; path = SalmonRunScheduleProvider.swift; sourceTree = "<group>"; };
		EC17177C25FB114500500D13 /* OnboardingPage.swift */ = {isa = PBXFileReference; lastKnownFileType = sourcecode.swift; path = OnboardingPage.swift; sourceTree = "<group>"; };
		EC17178225FB38CF00500D13 /* OnboardingViewModel.swift */ = {isa = PBXFileReference; lastKnownFileType = sourcecode.swift; path = OnboardingViewModel.swift; sourceTree = "<group>"; };
		EC17178A25FB653300500D13 /* NSOAPI.swift */ = {isa = PBXFileReference; lastKnownFileType = sourcecode.swift; path = NSOAPI.swift; sourceTree = "<group>"; };
		EC17179225FBA98100500D13 /* NSOHash.swift */ = {isa = PBXFileReference; lastKnownFileType = sourcecode.swift; path = NSOHash.swift; sourceTree = "<group>"; };
		EC17CB0C256B995900E34247 /* InkCore.framework */ = {isa = PBXFileReference; explicitFileType = wrapper.framework; includeInIndex = 0; path = InkCore.framework; sourceTree = BUILT_PRODUCTS_DIR; };
		EC17CB0F256B995900E34247 /* Info.plist */ = {isa = PBXFileReference; lastKnownFileType = text.plist.xml; path = Info.plist; sourceTree = "<group>"; };
		EC1FAE3425D12B5A00B063B5 /* BattleListPage.swift */ = {isa = PBXFileReference; lastKnownFileType = sourcecode.swift; path = BattleListPage.swift; sourceTree = "<group>"; };
		EC1FAE3A25D12EF000B063B5 /* BattleDetailViewModel.swift */ = {isa = PBXFileReference; lastKnownFileType = sourcecode.swift; path = BattleDetailViewModel.swift; sourceTree = "<group>"; };
		EC1FAE4025D1335F00B063B5 /* BattleListItemView.swift */ = {isa = PBXFileReference; lastKnownFileType = sourcecode.swift; path = BattleListItemView.swift; sourceTree = "<group>"; };
		EC25FE8A25B8A0C50085670D /* JobListPage.swift */ = {isa = PBXFileReference; lastKnownFileType = sourcecode.swift; path = JobListPage.swift; sourceTree = "<group>"; };
		EC25FE8E25B934640085670D /* JobListItemView.swift */ = {isa = PBXFileReference; lastKnownFileType = sourcecode.swift; path = JobListItemView.swift; sourceTree = "<group>"; };
		EC25FE9F25B960990085670D /* JobDetailPage.swift */ = {isa = PBXFileReference; lastKnownFileType = sourcecode.swift; path = JobDetailPage.swift; sourceTree = "<group>"; };
		EC2C1596257CB7EF00528D80 /* WidgetBackgroundView.swift */ = {isa = PBXFileReference; lastKnownFileType = sourcecode.swift; path = WidgetBackgroundView.swift; sourceTree = "<group>"; };
		EC2C34AB25984CE20007BA4D /* BattleDetailMemberView.swift */ = {isa = PBXFileReference; lastKnownFileType = sourcecode.swift; path = BattleDetailMemberView.swift; sourceTree = "<group>"; };
		EC2C34B1259899590007BA4D /* BattleDetailResultBarView.swift */ = {isa = PBXFileReference; lastKnownFileType = sourcecode.swift; path = BattleDetailResultBarView.swift; sourceTree = "<group>"; };
		EC2C34B92598D7210007BA4D /* Assets.xcassets */ = {isa = PBXFileReference; lastKnownFileType = folder.assetcatalog; path = Assets.xcassets; sourceTree = "<group>"; };
		EC2C34CA2598E8930007BA4D /* Bundle.swift */ = {isa = PBXFileReference; lastKnownFileType = sourcecode.swift; path = Bundle.swift; sourceTree = "<group>"; };
		EC2F19DA2543306E00CE9B34 /* AboutPage.swift */ = {isa = PBXFileReference; lastKnownFileType = sourcecode.swift; path = AboutPage.swift; sourceTree = "<group>"; };
		EC3120552599D55300CEE73B /* CornerRadiusModifier.swift */ = {isa = PBXFileReference; lastKnownFileType = sourcecode.swift; path = CornerRadiusModifier.swift; sourceTree = "<group>"; };
		EC344FE825330351004A7AF1 /* MePage.swift */ = {isa = PBXFileReference; lastKnownFileType = sourcecode.swift; path = MePage.swift; sourceTree = "<group>"; };
		EC38A4E025330DAD00A81656 /* Bundle+Extension.swift */ = {isa = PBXFileReference; lastKnownFileType = sourcecode.swift; path = "Bundle+Extension.swift"; sourceTree = "<group>"; };
		EC39701A2548028100557BD4 /* zh-Hans */ = {isa = PBXFileReference; lastKnownFileType = text.plist.strings; name = "zh-Hans"; path = "zh-Hans.lproj/Localizable.strings"; sourceTree = "<group>"; };
		EC39701D25480B9C00557BD4 /* ja */ = {isa = PBXFileReference; lastKnownFileType = text.plist.strings; name = ja; path = ja.lproj/Localizable.strings; sourceTree = "<group>"; };
		EC39703625482BE400557BD4 /* String+LocalizedString.swift */ = {isa = PBXFileReference; lastKnownFileType = sourcecode.swift; path = "String+LocalizedString.swift"; sourceTree = "<group>"; };
		EC3F74A125505FFA0061989B /* zh-Hant */ = {isa = PBXFileReference; lastKnownFileType = text.plist.strings; name = "zh-Hant"; path = "zh-Hant.lproj/Localizable.strings"; sourceTree = "<group>"; };
		EC4C70AB25B9CAFA00E6EF6E /* JobDetailWaveView.swift */ = {isa = PBXFileReference; lastKnownFileType = sourcecode.swift; path = JobDetailWaveView.swift; sourceTree = "<group>"; };
		EC4CA1732595C6B900B5C8CF /* BattleDetailPage.swift */ = {isa = PBXFileReference; lastKnownFileType = sourcecode.swift; path = BattleDetailPage.swift; sourceTree = "<group>"; };
		EC4CA1772595DEAB00B5C8CF /* ConvenientColors.swift */ = {isa = PBXFileReference; lastKnownFileType = sourcecode.swift; path = ConvenientColors.swift; sourceTree = "<group>"; };
		EC4DF4F5252EF1510020B234 /* VDGridView.swift */ = {isa = PBXFileReference; lastKnownFileType = sourcecode.swift; path = VDGridView.swift; sourceTree = "<group>"; };
		EC5362472525D68E0037BD12 /* HomeViewModel.swift */ = {isa = PBXFileReference; lastKnownFileType = sourcecode.swift; path = HomeViewModel.swift; sourceTree = "<group>"; };
		EC53624A2525D7C70037BD12 /* TabBarViewModel.swift */ = {isa = PBXFileReference; lastKnownFileType = sourcecode.swift; path = TabBarViewModel.swift; sourceTree = "<group>"; };
		EC5362522525DDDF0037BD12 /* HomePage.swift */ = {isa = PBXFileReference; lastKnownFileType = sourcecode.swift; path = HomePage.swift; sourceTree = "<group>"; };
		EC565B5A251D882900CCAC9A /* NotificationName.swift */ = {isa = PBXFileReference; lastKnownFileType = sourcecode.swift; path = NotificationName.swift; sourceTree = "<group>"; };
		EC571A2F254A8DB400D1BFC6 /* NintendoAccountLoginViewController.swift */ = {isa = PBXFileReference; lastKnownFileType = sourcecode.swift; name = NintendoAccountLoginViewController.swift; path = imink/Views/NintendoAccountLoginViewController.swift; sourceTree = SOURCE_ROOT; };
		EC5D2628258FA02F004E7B3A /* TestFontView.swift */ = {isa = PBXFileReference; lastKnownFileType = sourcecode.swift; path = TestFontView.swift; sourceTree = "<group>"; };
		EC62E77225360B2B0028428C /* MeViewModel.swift */ = {isa = PBXFileReference; lastKnownFileType = sourcecode.swift; path = MeViewModel.swift; sourceTree = "<group>"; };
		EC68D1B22573933F0024C994 /* GrayscaleTextureView.swift */ = {isa = PBXFileReference; lastKnownFileType = sourcecode.swift; path = GrayscaleTextureView.swift; sourceTree = "<group>"; };
		EC6B826F251EF9E000B25307 /* UIView+Snapshot.swift */ = {isa = PBXFileReference; lastKnownFileType = sourcecode.swift; path = "UIView+Snapshot.swift"; sourceTree = "<group>"; };
		EC6CF3F325F36937005427B5 /* JobShiftCardView.swift */ = {isa = PBXFileReference; lastKnownFileType = sourcecode.swift; path = JobShiftCardView.swift; sourceTree = "<group>"; };
		EC6CF3F925F3F540005427B5 /* ko */ = {isa = PBXFileReference; lastKnownFileType = text.plist.strings; name = ko; path = ko.lproj/Localizable.strings; sourceTree = "<group>"; };
		EC6CF3FC25F3F698005427B5 /* Splatfont 1 v1.008.otf */ = {isa = PBXFileReference; lastKnownFileType = file; path = "Splatfont 1 v1.008.otf"; sourceTree = "<group>"; };
		EC6CF3FD25F3F698005427B5 /* Splatfont 2 v1.009.otf */ = {isa = PBXFileReference; lastKnownFileType = file; path = "Splatfont 2 v1.009.otf"; sourceTree = "<group>"; };
		EC761294260B214C00C4D3AA /* NSOHelper.swift */ = {isa = PBXFileReference; fileEncoding = 4; lastKnownFileType = sourcecode.swift; path = NSOHelper.swift; sourceTree = "<group>"; };
		EC7DF2F725B9A4B100B503F0 /* JobDetailTopCardView.swift */ = {isa = PBXFileReference; lastKnownFileType = sourcecode.swift; path = JobDetailTopCardView.swift; sourceTree = "<group>"; };
		EC807CA625F7385C003FC2E6 /* TodayView.swift */ = {isa = PBXFileReference; lastKnownFileType = sourcecode.swift; path = TodayView.swift; sourceTree = "<group>"; };
		EC8611A8253AA873003BA67A /* WidgetKit.framework */ = {isa = PBXFileReference; lastKnownFileType = wrapper.framework; name = WidgetKit.framework; path = System/Library/Frameworks/WidgetKit.framework; sourceTree = SDKROOT; };
		EC8611AA253AA873003BA67A /* SwiftUI.framework */ = {isa = PBXFileReference; lastKnownFileType = wrapper.framework; name = SwiftUI.framework; path = System/Library/Frameworks/SwiftUI.framework; sourceTree = SDKROOT; };
		EC8611C5253AB9C9003BA67A /* WidgetExtension.appex */ = {isa = PBXFileReference; explicitFileType = "wrapper.app-extension"; includeInIndex = 0; path = WidgetExtension.appex; sourceTree = BUILT_PRODUCTS_DIR; };
		EC8611CB253AB9CB003BA67A /* Assets.xcassets */ = {isa = PBXFileReference; lastKnownFileType = folder.assetcatalog; path = Assets.xcassets; sourceTree = "<group>"; };
		EC8611CD253AB9CB003BA67A /* Info.plist */ = {isa = PBXFileReference; lastKnownFileType = text.plist.xml; path = Info.plist; sourceTree = "<group>"; };
		EC8611D1253AB9CB003BA67A /* AppWidgetExtension.entitlements */ = {isa = PBXFileReference; lastKnownFileType = text.plist.entitlements; path = AppWidgetExtension.entitlements; sourceTree = "<group>"; };
		EC8611D7253ABA31003BA67A /* AppWidget.swift */ = {isa = PBXFileReference; fileEncoding = 4; lastKnownFileType = sourcecode.swift; path = AppWidget.swift; sourceTree = "<group>"; };
		EC861257253ACACA003BA67A /* UserDefaults.swift */ = {isa = PBXFileReference; lastKnownFileType = sourcecode.swift; path = UserDefaults.swift; sourceTree = "<group>"; };
		EC861262253ACFE2003BA67A /* UserDefaults.swift */ = {isa = PBXFileReference; lastKnownFileType = sourcecode.swift; path = UserDefaults.swift; sourceTree = "<group>"; };
		EC8B6B1926074E8200B645B5 /* LoginToken.swift */ = {isa = PBXFileReference; lastKnownFileType = sourcecode.swift; path = LoginToken.swift; sourceTree = "<group>"; };
		EC8B6B1D26074E9700B645B5 /* NAUser.swift */ = {isa = PBXFileReference; lastKnownFileType = sourcecode.swift; path = NAUser.swift; sourceTree = "<group>"; };
		EC900E71251C55FF00AA0B20 /* imink.app */ = {isa = PBXFileReference; explicitFileType = wrapper.application; includeInIndex = 0; path = imink.app; sourceTree = BUILT_PRODUCTS_DIR; };
		EC900E74251C55FF00AA0B20 /* AppDelegate.swift */ = {isa = PBXFileReference; lastKnownFileType = sourcecode.swift; path = AppDelegate.swift; sourceTree = "<group>"; };
		EC900E76251C55FF00AA0B20 /* SceneDelegate.swift */ = {isa = PBXFileReference; lastKnownFileType = sourcecode.swift; path = SceneDelegate.swift; sourceTree = "<group>"; };
		EC900E7B251C55FF00AA0B20 /* Base */ = {isa = PBXFileReference; lastKnownFileType = file.storyboard; name = Base; path = Base.lproj/Main.storyboard; sourceTree = "<group>"; };
		EC900E7D251C55FF00AA0B20 /* Assets.xcassets */ = {isa = PBXFileReference; lastKnownFileType = folder.assetcatalog; path = Assets.xcassets; sourceTree = "<group>"; };
		EC900E80251C55FF00AA0B20 /* Base */ = {isa = PBXFileReference; lastKnownFileType = file.storyboard; name = Base; path = Base.lproj/LaunchScreen.storyboard; sourceTree = "<group>"; };
		EC900E82251C55FF00AA0B20 /* Info.plist */ = {isa = PBXFileReference; lastKnownFileType = text.plist.xml; path = Info.plist; sourceTree = "<group>"; };
		EC900E89251C560C00AA0B20 /* imink.entitlements */ = {isa = PBXFileReference; lastKnownFileType = text.plist.entitlements; path = imink.entitlements; sourceTree = "<group>"; };
		EC900E95251C8EF600AA0B20 /* Decode&Encode.swift */ = {isa = PBXFileReference; fileEncoding = 4; lastKnownFileType = sourcecode.swift; path = "Decode&Encode.swift"; sourceTree = "<group>"; };
		EC900E96251C8EF600AA0B20 /* StatefulPreviewWrapper.swift */ = {isa = PBXFileReference; fileEncoding = 4; lastKnownFileType = sourcecode.swift; path = StatefulPreviewWrapper.swift; sourceTree = "<group>"; };
		EC900E97251C8EF600AA0B20 /* Collection.swift */ = {isa = PBXFileReference; fileEncoding = 4; lastKnownFileType = sourcecode.swift; path = Collection.swift; sourceTree = "<group>"; };
		EC900E98251C8EF600AA0B20 /* Easeing.swift */ = {isa = PBXFileReference; fileEncoding = 4; lastKnownFileType = sourcecode.swift; path = Easeing.swift; sourceTree = "<group>"; };
		EC900E99251C8EF600AA0B20 /* Operator.swift */ = {isa = PBXFileReference; fileEncoding = 4; lastKnownFileType = sourcecode.swift; path = Operator.swift; sourceTree = "<group>"; };
		EC900E9A251C8EF600AA0B20 /* UserDefaultsWrapper.swift */ = {isa = PBXFileReference; fileEncoding = 4; lastKnownFileType = sourcecode.swift; path = UserDefaultsWrapper.swift; sourceTree = "<group>"; };
		EC900E9B251C8EF600AA0B20 /* AppBundle.swift */ = {isa = PBXFileReference; fileEncoding = 4; lastKnownFileType = sourcecode.swift; path = AppBundle.swift; sourceTree = "<group>"; };
		EC900E9C251C8EF600AA0B20 /* StringInterpolation.swift */ = {isa = PBXFileReference; fileEncoding = 4; lastKnownFileType = sourcecode.swift; path = StringInterpolation.swift; sourceTree = "<group>"; };
		EC900E9D251C8EF600AA0B20 /* AutoPlayAnimation.swift */ = {isa = PBXFileReference; fileEncoding = 4; lastKnownFileType = sourcecode.swift; path = AutoPlayAnimation.swift; sourceTree = "<group>"; };
		EC900E9F251C8EF600AA0B20 /* Splatoon2API.swift */ = {isa = PBXFileReference; fileEncoding = 4; lastKnownFileType = sourcecode.swift; path = Splatoon2API.swift; sourceTree = "<group>"; };
		EC900EA0251C8EF600AA0B20 /* APITargetType.swift */ = {isa = PBXFileReference; fileEncoding = 4; lastKnownFileType = sourcecode.swift; path = APITargetType.swift; sourceTree = "<group>"; };
		EC900EA1251C8EF600AA0B20 /* AppAPI.swift */ = {isa = PBXFileReference; fileEncoding = 4; lastKnownFileType = sourcecode.swift; path = AppAPI.swift; sourceTree = "<group>"; };
		EC900EA2251C8EF600AA0B20 /* API.swift */ = {isa = PBXFileReference; fileEncoding = 4; lastKnownFileType = sourcecode.swift; path = API.swift; sourceTree = "<group>"; };
		EC900EA4251C8EF600AA0B20 /* AppColor.swift */ = {isa = PBXFileReference; fileEncoding = 4; lastKnownFileType = sourcecode.swift; path = AppColor.swift; sourceTree = "<group>"; };
		EC900EA5251C8EF600AA0B20 /* AppTheme.swift */ = {isa = PBXFileReference; fileEncoding = 4; lastKnownFileType = sourcecode.swift; path = AppTheme.swift; sourceTree = "<group>"; };
		EC900EA9251C8EF600AA0B20 /* Models.swift */ = {isa = PBXFileReference; fileEncoding = 4; lastKnownFileType = sourcecode.swift; path = Models.swift; sourceTree = "<group>"; };
		EC900EB0251C8EF700AA0B20 /* AppDatabase.swift */ = {isa = PBXFileReference; fileEncoding = 4; lastKnownFileType = sourcecode.swift; path = AppDatabase.swift; sourceTree = "<group>"; };
		EC900EB1251C8EF700AA0B20 /* AppUserDefaults.swift */ = {isa = PBXFileReference; fileEncoding = 4; lastKnownFileType = sourcecode.swift; path = AppUserDefaults.swift; sourceTree = "<group>"; };
		EC900EBB251C8EF700AA0B20 /* LoginViewModel.swift */ = {isa = PBXFileReference; fileEncoding = 4; lastKnownFileType = sourcecode.swift; path = LoginViewModel.swift; sourceTree = "<group>"; };
		EC900EBD251C8EF700AA0B20 /* BattleListViewModel.swift */ = {isa = PBXFileReference; fileEncoding = 4; lastKnownFileType = sourcecode.swift; path = BattleListViewModel.swift; sourceTree = "<group>"; };
		EC900EBF251C8EF700AA0B20 /* DBRecord.swift */ = {isa = PBXFileReference; fileEncoding = 4; lastKnownFileType = sourcecode.swift; path = DBRecord.swift; sourceTree = "<group>"; };
		EC9440DA25406C3E00060E46 /* BattleScheduleProvider.swift */ = {isa = PBXFileReference; lastKnownFileType = sourcecode.swift; path = BattleScheduleProvider.swift; sourceTree = "<group>"; };
		EC9440E025406C8200060E46 /* WidgetSize.swift */ = {isa = PBXFileReference; lastKnownFileType = sourcecode.swift; path = WidgetSize.swift; sourceTree = "<group>"; };
		EC9440EC25406E2E00060E46 /* BattleScheduleLargeWidgetEntryView.swift */ = {isa = PBXFileReference; lastKnownFileType = sourcecode.swift; path = BattleScheduleLargeWidgetEntryView.swift; sourceTree = "<group>"; };
		EC9440F025407ACA00060E46 /* BattleScheduleWidget.swift */ = {isa = PBXFileReference; lastKnownFileType = sourcecode.swift; path = BattleScheduleWidget.swift; sourceTree = "<group>"; };
		EC984229253AE2720079D739 /* BattleScheduleMediumWidgetEntryView.swift */ = {isa = PBXFileReference; lastKnownFileType = sourcecode.swift; path = BattleScheduleMediumWidgetEntryView.swift; sourceTree = "<group>"; };
		EC98424C253C25130079D739 /* UserDefaultsMigrator.swift */ = {isa = PBXFileReference; lastKnownFileType = sourcecode.swift; path = UserDefaultsMigrator.swift; sourceTree = "<group>"; };
		EC9A90352527437000390573 /* NSLayoutConstraint+Mutiplier.swift */ = {isa = PBXFileReference; lastKnownFileType = sourcecode.swift; path = "NSLayoutConstraint+Mutiplier.swift"; sourceTree = "<group>"; };
		EC9A90482527851C00390573 /* ScheduleView.swift */ = {isa = PBXFileReference; lastKnownFileType = sourcecode.swift; path = ScheduleView.swift; sourceTree = "<group>"; };
		EC9D0A5025A1747C00E8FF89 /* WeaponImageView.swift */ = {isa = PBXFileReference; lastKnownFileType = sourcecode.swift; path = WeaponImageView.swift; sourceTree = "<group>"; };
		EC9D0A5425A174A300E8FF89 /* StageImageView.swift */ = {isa = PBXFileReference; lastKnownFileType = sourcecode.swift; path = StageImageView.swift; sourceTree = "<group>"; };
		EC9D0A6825A18E2300E8FF89 /* ImageView.swift */ = {isa = PBXFileReference; lastKnownFileType = sourcecode.swift; path = ImageView.swift; sourceTree = "<group>"; };
		EC9D0A7225A1929400E8FF89 /* SalomonRunStageImageView.swift */ = {isa = PBXFileReference; lastKnownFileType = sourcecode.swift; path = SalomonRunStageImageView.swift; sourceTree = "<group>"; };
		ECA695082531AC9D00376D95 /* PieView.swift */ = {isa = PBXFileReference; lastKnownFileType = sourcecode.swift; path = PieView.swift; sourceTree = "<group>"; };
		ECAE8DCA2520B7E0003D7EDC /* en */ = {isa = PBXFileReference; lastKnownFileType = text.plist.strings; name = en; path = en.lproj/Localizable.strings; sourceTree = "<group>"; };
		ECB959A625B8387E0006E942 /* SynchronizeJobViewModel.swift */ = {isa = PBXFileReference; fileEncoding = 4; lastKnownFileType = sourcecode.swift; path = SynchronizeJobViewModel.swift; sourceTree = "<group>"; };
		ECB959A725B8387E0006E942 /* SynchronizeBattleViewModel.swift */ = {isa = PBXFileReference; fileEncoding = 4; lastKnownFileType = sourcecode.swift; path = SynchronizeBattleViewModel.swift; sourceTree = "<group>"; };
		ECB959AC25B85A4A0006E942 /* SynchronizeViewModel.swift */ = {isa = PBXFileReference; lastKnownFileType = sourcecode.swift; path = SynchronizeViewModel.swift; sourceTree = "<group>"; };
		ECB959B425B872BD0006E942 /* DBJob.swift */ = {isa = PBXFileReference; lastKnownFileType = sourcecode.swift; path = DBJob.swift; sourceTree = "<group>"; };
		ECB959CA25B896A80006E942 /* JobListViewModel.swift */ = {isa = PBXFileReference; lastKnownFileType = sourcecode.swift; path = JobListViewModel.swift; sourceTree = "<group>"; };
		ECC3F291252C85B6001E81E1 /* SalmonRunScheduleView.swift */ = {isa = PBXFileReference; lastKnownFileType = sourcecode.swift; path = SalmonRunScheduleView.swift; sourceTree = "<group>"; };
		ECD1FA4125F87903002E36DD /* LoginView.swift */ = {isa = PBXFileReference; lastKnownFileType = sourcecode.swift; path = LoginView.swift; sourceTree = "<group>"; };
		ECD1FA4F25F89EF8002E36DD /* FixVectorImage.swift */ = {isa = PBXFileReference; lastKnownFileType = sourcecode.swift; path = FixVectorImage.swift; sourceTree = "<group>"; };
		ECD2BFAD25BD8B5E00AA11CA /* JobDetailViewModel.swift */ = {isa = PBXFileReference; lastKnownFileType = sourcecode.swift; path = JobDetailViewModel.swift; sourceTree = "<group>"; };
		ECF26EFD25BA9E3400F1FBCA /* JobDetailMemberView.swift */ = {isa = PBXFileReference; lastKnownFileType = sourcecode.swift; path = JobDetailMemberView.swift; sourceTree = "<group>"; };
		ECF26F0225BACBDE00F1FBCA /* WaveShape.swift */ = {isa = PBXFileReference; lastKnownFileType = sourcecode.swift; path = WaveShape.swift; sourceTree = "<group>"; };
		ECF91ECE2609F58500FF7F55 /* MailView.swift */ = {isa = PBXFileReference; lastKnownFileType = sourcecode.swift; path = MailView.swift; sourceTree = "<group>"; };
/* End PBXFileReference section */

/* Begin PBXFrameworksBuildPhase section */
		EC17CB09256B995900E34247 /* Frameworks */ = {
			isa = PBXFrameworksBuildPhase;
			buildActionMask = 2147483647;
			files = (
				EC9D0A5D25A1761900E8FF89 /* SDWebImageSwiftUI in Frameworks */,
				EC9D0A5925A1761900E8FF89 /* SDWebImage in Frameworks */,
				EC9D0A5B25A1761900E8FF89 /* SDWebImageMapKit in Frameworks */,
				EC7652E0259200890098FD22 /* SplatNet2 in Frameworks */,
			);
			runOnlyForDeploymentPostprocessing = 0;
		};
		EC8611C2253AB9C9003BA67A /* Frameworks */ = {
			isa = PBXFrameworksBuildPhase;
			buildActionMask = 2147483647;
			files = (
				BBC15A2A256B9CEA00B67514 /* InkCore.framework in Frameworks */,
				EC8611C7253AB9C9003BA67A /* SwiftUI.framework in Frameworks */,
				EC8611C6253AB9C9003BA67A /* WidgetKit.framework in Frameworks */,
			);
			runOnlyForDeploymentPostprocessing = 0;
		};
		EC900E6E251C55FF00AA0B20 /* Frameworks */ = {
			isa = PBXFrameworksBuildPhase;
			buildActionMask = 2147483647;
			files = (
				ECE6785C2585F79C00D750DB /* GRDB in Frameworks */,
				BBC15A23256B9CE200B67514 /* InkCore.framework in Frameworks */,
				ECE6785E2585F79C00D750DB /* SnapKit in Frameworks */,
			);
			runOnlyForDeploymentPostprocessing = 0;
		};
/* End PBXFrameworksBuildPhase section */

/* Begin PBXGroup section */
		EC00DBC2251C9AD90010366A /* Views */ = {
			isa = PBXGroup;
			children = (
				EC00DBEC251CCA710010366A /* SwiftUI */,
				EC900E7A251C55FF00AA0B20 /* Main.storyboard */,
				EC00DBD6251CA11D0010366A /* TabBarController.swift */,
				EC571A2F254A8DB400D1BFC6 /* NintendoAccountLoginViewController.swift */,
			);
			path = Views;
			sourceTree = "<group>";
		};
		EC00DBC4251C9BD80010366A /* Delegates */ = {
			isa = PBXGroup;
			children = (
				EC900E74251C55FF00AA0B20 /* AppDelegate.swift */,
				EC900E76251C55FF00AA0B20 /* SceneDelegate.swift */,
				EC00DBC9251C9C0C0010366A /* ToolbarDelegate.swift */,
			);
			path = Delegates;
			sourceTree = "<group>";
		};
		EC00DBEC251CCA710010366A /* SwiftUI */ = {
			isa = PBXGroup;
			children = (
				EC25FE9E25B9607D0085670D /* SalmonRun */,
				EC2C34A925984CAB0007BA4D /* Battle */,
				EC00DBFF251CD8770010366A /* Views */,
				EC5362522525DDDF0037BD12 /* HomePage.swift */,
				EC344FE825330351004A7AF1 /* MePage.swift */,
				EC2F19DA2543306E00CE9B34 /* AboutPage.swift */,
				EC5D2628258FA02F004E7B3A /* TestFontView.swift */,
				EC17177C25FB114500500D13 /* OnboardingPage.swift */,
			);
			path = SwiftUI;
			sourceTree = "<group>";
		};
		EC00DBF1251CD29C0010366A /* ViewModifiers */ = {
			isa = PBXGroup;
			children = (
				EC00DBF2251CD29C0010366A /* AnimatableModifier.swift */,
				EC00DBF3251CD29C0010366A /* TransitionModifier.swift */,
				EC00DBF4251CD29C0010366A /* FontModifier.swift */,
				EC3120552599D55300CEE73B /* CornerRadiusModifier.swift */,
			);
			path = ViewModifiers;
			sourceTree = "<group>";
		};
		EC00DBFF251CD8770010366A /* Views */ = {
			isa = PBXGroup;
			children = (
				EC9A90482527851C00390573 /* ScheduleView.swift */,
				ECC3F291252C85B6001E81E1 /* SalmonRunScheduleView.swift */,
				EC4DF4F5252EF1510020B234 /* VDGridView.swift */,
				ECA695082531AC9D00376D95 /* PieView.swift */,
				EC807CA625F7385C003FC2E6 /* TodayView.swift */,
				ECD1FA4125F87903002E36DD /* LoginView.swift */,
				ECF91ECE2609F58500FF7F55 /* MailView.swift */,
			);
			name = Views;
			path = Views/Views;
			sourceTree = "<group>";
		};
		EC11F1D925558C3E00E10F5F /* SalmonRunWidget */ = {
			isa = PBXGroup;
			children = (
				EC11F1DA25558CAB00E10F5F /* SalmonRunScheduleMediumWidgetEntryView.swift */,
				EC11F1DE25558CB900E10F5F /* SalmonRunScheduleLargeWidgetEntryView.swift */,
				EC11F1D525558C2D00E10F5F /* SalmonRunScheduleWidget.swift */,
			);
			path = SalmonRunWidget;
			sourceTree = "<group>";
		};
		EC17CB0D256B995900E34247 /* InkCore */ = {
			isa = PBXGroup;
			children = (
				EC2C34BD2598D7D70007BA4D /* Views */,
				EC900E91251C8EF600AA0B20 /* Font */,
				EC2C34CA2598E8930007BA4D /* Bundle.swift */,
				EC17CB0F256B995900E34247 /* Info.plist */,
				EC2C34B92598D7210007BA4D /* Assets.xcassets */,
			);
			path = InkCore;
			sourceTree = "<group>";
		};
		EC25FE9E25B9607D0085670D /* SalmonRun */ = {
			isa = PBXGroup;
			children = (
				EC25FEA325B963B40085670D /* Views */,
				EC25FE8A25B8A0C50085670D /* JobListPage.swift */,
				EC25FE9F25B960990085670D /* JobDetailPage.swift */,
			);
			path = SalmonRun;
			sourceTree = "<group>";
		};
		EC25FEA325B963B40085670D /* Views */ = {
			isa = PBXGroup;
			children = (
				EC25FE8E25B934640085670D /* JobListItemView.swift */,
				EC6CF3F325F36937005427B5 /* JobShiftCardView.swift */,
				EC7DF2F725B9A4B100B503F0 /* JobDetailTopCardView.swift */,
				EC4C70AB25B9CAFA00E6EF6E /* JobDetailWaveView.swift */,
				ECF26EFD25BA9E3400F1FBCA /* JobDetailMemberView.swift */,
			);
			path = Views;
			sourceTree = "<group>";
		};
		EC2C34A925984CAB0007BA4D /* Battle */ = {
			isa = PBXGroup;
			children = (
				EC2C34AA25984CCF0007BA4D /* Views */,
				EC1FAE3425D12B5A00B063B5 /* BattleListPage.swift */,
				EC4CA1732595C6B900B5C8CF /* BattleDetailPage.swift */,
			);
			path = Battle;
			sourceTree = "<group>";
		};
		EC2C34AA25984CCF0007BA4D /* Views */ = {
			isa = PBXGroup;
			children = (
				EC1FAE4025D1335F00B063B5 /* BattleListItemView.swift */,
				EC2C34AB25984CE20007BA4D /* BattleDetailMemberView.swift */,
				EC2C34B1259899590007BA4D /* BattleDetailResultBarView.swift */,
			);
			path = Views;
			sourceTree = "<group>";
		};
		EC2C34BD2598D7D70007BA4D /* Views */ = {
			isa = PBXGroup;
			children = (
				EC68D1B22573933F0024C994 /* GrayscaleTextureView.swift */,
				EC9D0A5025A1747C00E8FF89 /* WeaponImageView.swift */,
				EC9D0A5425A174A300E8FF89 /* StageImageView.swift */,
				EC9D0A7225A1929400E8FF89 /* SalomonRunStageImageView.swift */,
				EC9D0A6825A18E2300E8FF89 /* ImageView.swift */,
				ECD1FA4F25F89EF8002E36DD /* FixVectorImage.swift */,
			);
			path = Views;
			sourceTree = "<group>";
		};
		EC68D1B1257393360024C994 /* Views */ = {
			isa = PBXGroup;
			children = (
				EC2C1596257CB7EF00528D80 /* WidgetBackgroundView.swift */,
			);
			path = Views;
			sourceTree = "<group>";
		};
		EC8611A7253AA873003BA67A /* Frameworks */ = {
			isa = PBXGroup;
			children = (
				EC8611A8253AA873003BA67A /* WidgetKit.framework */,
				EC8611AA253AA873003BA67A /* SwiftUI.framework */,
			);
			name = Frameworks;
			sourceTree = "<group>";
		};
		EC8611C8253AB9C9003BA67A /* AppWidget */ = {
			isa = PBXGroup;
			children = (
				EC9440D925406C2F00060E46 /* Providers */,
				EC68D1B1257393360024C994 /* Views */,
				EC11F1D925558C3E00E10F5F /* SalmonRunWidget */,
				EC9440D625406BB900060E46 /* BattleWidget */,
				EC861262253ACFE2003BA67A /* UserDefaults.swift */,
				EC8611D7253ABA31003BA67A /* AppWidget.swift */,
				EC8611CB253AB9CB003BA67A /* Assets.xcassets */,
				EC8611CD253AB9CB003BA67A /* Info.plist */,
				EC9440E025406C8200060E46 /* WidgetSize.swift */,
			);
			path = AppWidget;
			sourceTree = "<group>";
		};
		EC861216253AC61E003BA67A /* Shared */ = {
			isa = PBXGroup;
			children = (
				EC565B5A251D882900CCAC9A /* NotificationName.swift */,
				EC900E94251C8EF600AA0B20 /* Utils */,
				EC900EA3251C8EF600AA0B20 /* Theme */,
				ECF26F0125BACBC600F1FBCA /* Shapes */,
				EC00DBF1251CD29C0010366A /* ViewModifiers */,
				EC861228253AC688003BA67A /* Data */,
				EC900E9E251C8EF600AA0B20 /* API */,
				EC900EA6251C8EF600AA0B20 /* Models */,
				ECAE8DCB2520B7E0003D7EDC /* Localizable.strings */,
			);
			path = Shared;
			sourceTree = "<group>";
		};
		EC861228253AC688003BA67A /* Data */ = {
			isa = PBXGroup;
			children = (
				EC900EB1251C8EF700AA0B20 /* AppUserDefaults.swift */,
			);
			path = Data;
			sourceTree = "<group>";
		};
		EC900E68251C55FE00AA0B20 = {
			isa = PBXGroup;
			children = (
				EC8611D1253AB9CB003BA67A /* AppWidgetExtension.entitlements */,
				EC861216253AC61E003BA67A /* Shared */,
				EC900E73251C55FF00AA0B20 /* imink */,
				EC8611C8253AB9C9003BA67A /* AppWidget */,
				EC17CB0D256B995900E34247 /* InkCore */,
				EC8611A7253AA873003BA67A /* Frameworks */,
				EC900E72251C55FF00AA0B20 /* Products */,
			);
			sourceTree = "<group>";
		};
		EC900E72251C55FF00AA0B20 /* Products */ = {
			isa = PBXGroup;
			children = (
				EC900E71251C55FF00AA0B20 /* imink.app */,
				EC8611C5253AB9C9003BA67A /* WidgetExtension.appex */,
				EC17CB0C256B995900E34247 /* InkCore.framework */,
			);
			name = Products;
			sourceTree = "<group>";
		};
		EC900E73251C55FF00AA0B20 /* imink */ = {
			isa = PBXGroup;
			children = (
				EC900EAF251C8EF700AA0B20 /* Data */,
				EC900EBE251C8EF700AA0B20 /* DBModels */,
				EC900EBA251C8EF700AA0B20 /* ViewModels */,
				EC00DBC2251C9AD90010366A /* Views */,
				EC00DBC4251C9BD80010366A /* Delegates */,
				EC900E89251C560C00AA0B20 /* imink.entitlements */,
				EC900E7D251C55FF00AA0B20 /* Assets.xcassets */,
				EC900E7F251C55FF00AA0B20 /* LaunchScreen.storyboard */,
				EC900E82251C55FF00AA0B20 /* Info.plist */,
			);
			path = imink;
			sourceTree = "<group>";
		};
		EC900E91251C8EF600AA0B20 /* Font */ = {
			isa = PBXGroup;
			children = (
				EC6CF3FC25F3F698005427B5 /* Splatfont 1 v1.008.otf */,
				EC6CF3FD25F3F698005427B5 /* Splatfont 2 v1.009.otf */,
			);
			path = Font;
			sourceTree = "<group>";
		};
		EC900E94251C8EF600AA0B20 /* Utils */ = {
			isa = PBXGroup;
			children = (
				EC900E95251C8EF600AA0B20 /* Decode&Encode.swift */,
				EC900E96251C8EF600AA0B20 /* StatefulPreviewWrapper.swift */,
				EC900E97251C8EF600AA0B20 /* Collection.swift */,
				EC900E98251C8EF600AA0B20 /* Easeing.swift */,
				EC900E99251C8EF600AA0B20 /* Operator.swift */,
				EC900E9A251C8EF600AA0B20 /* UserDefaultsWrapper.swift */,
				EC900E9B251C8EF600AA0B20 /* AppBundle.swift */,
				EC900E9C251C8EF600AA0B20 /* StringInterpolation.swift */,
				EC900E9D251C8EF600AA0B20 /* AutoPlayAnimation.swift */,
				EC6B826F251EF9E000B25307 /* UIView+Snapshot.swift */,
				EC9A90352527437000390573 /* NSLayoutConstraint+Mutiplier.swift */,
				EC38A4E025330DAD00A81656 /* Bundle+Extension.swift */,
				EC98424C253C25130079D739 /* UserDefaultsMigrator.swift */,
				EC39703625482BE400557BD4 /* String+LocalizedString.swift */,
				EC4CA1772595DEAB00B5C8CF /* ConvenientColors.swift */,
				EC17179225FBA98100500D13 /* NSOHash.swift */,
			);
			path = Utils;
			sourceTree = "<group>";
		};
		EC900E9E251C8EF600AA0B20 /* API */ = {
			isa = PBXGroup;
			children = (
				EC17178A25FB653300500D13 /* NSOAPI.swift */,
				EC900E9F251C8EF600AA0B20 /* Splatoon2API.swift */,
				EC900EA1251C8EF600AA0B20 /* AppAPI.swift */,
				EC900EA0251C8EF600AA0B20 /* APITargetType.swift */,
				EC900EA2251C8EF600AA0B20 /* API.swift */,
				EC761294260B214C00C4D3AA /* NSOHelper.swift */,
			);
			path = API;
			sourceTree = "<group>";
		};
		EC900EA3251C8EF600AA0B20 /* Theme */ = {
			isa = PBXGroup;
			children = (
				EC900EA4251C8EF600AA0B20 /* AppColor.swift */,
				EC900EA5251C8EF600AA0B20 /* AppTheme.swift */,
			);
			path = Theme;
			sourceTree = "<group>";
		};
		EC900EA6251C8EF600AA0B20 /* Models */ = {
			isa = PBXGroup;
			children = (
				EC900EA9251C8EF600AA0B20 /* Models.swift */,
				EC8B6B1926074E8200B645B5 /* LoginToken.swift */,
				EC8B6B1D26074E9700B645B5 /* NAUser.swift */,
			);
			path = Models;
			sourceTree = "<group>";
		};
		EC900EAF251C8EF700AA0B20 /* Data */ = {
			isa = PBXGroup;
			children = (
				EC900EB0251C8EF700AA0B20 /* AppDatabase.swift */,
				EC861257253ACACA003BA67A /* UserDefaults.swift */,
			);
			path = Data;
			sourceTree = "<group>";
		};
		EC900EBA251C8EF700AA0B20 /* ViewModels */ = {
			isa = PBXGroup;
			children = (
				EC53624A2525D7C70037BD12 /* TabBarViewModel.swift */,
				ECB959AC25B85A4A0006E942 /* SynchronizeViewModel.swift */,
				ECB959A725B8387E0006E942 /* SynchronizeBattleViewModel.swift */,
				ECB959A625B8387E0006E942 /* SynchronizeJobViewModel.swift */,
				EC900EBB251C8EF700AA0B20 /* LoginViewModel.swift */,
				EC5362472525D68E0037BD12 /* HomeViewModel.swift */,
				EC900EBD251C8EF700AA0B20 /* BattleListViewModel.swift */,
				EC1FAE3A25D12EF000B063B5 /* BattleDetailViewModel.swift */,
				ECB959CA25B896A80006E942 /* JobListViewModel.swift */,
				ECD2BFAD25BD8B5E00AA11CA /* JobDetailViewModel.swift */,
				EC62E77225360B2B0028428C /* MeViewModel.swift */,
				EC17178225FB38CF00500D13 /* OnboardingViewModel.swift */,
			);
			path = ViewModels;
			sourceTree = "<group>";
		};
		EC900EBE251C8EF700AA0B20 /* DBModels */ = {
			isa = PBXGroup;
			children = (
				EC900EBF251C8EF700AA0B20 /* DBRecord.swift */,
				ECB959B425B872BD0006E942 /* DBJob.swift */,
			);
			path = DBModels;
			sourceTree = "<group>";
		};
		EC9440D625406BB900060E46 /* BattleWidget */ = {
			isa = PBXGroup;
			children = (
				EC984229253AE2720079D739 /* BattleScheduleMediumWidgetEntryView.swift */,
				EC9440EC25406E2E00060E46 /* BattleScheduleLargeWidgetEntryView.swift */,
				EC9440F025407ACA00060E46 /* BattleScheduleWidget.swift */,
			);
			path = BattleWidget;
			sourceTree = "<group>";
		};
		EC9440D925406C2F00060E46 /* Providers */ = {
			isa = PBXGroup;
			children = (
				EC9440DA25406C3E00060E46 /* BattleScheduleProvider.swift */,
				EC11F1E425558E3500E10F5F /* SalmonRunScheduleProvider.swift */,
			);
			path = Providers;
			sourceTree = "<group>";
		};
		ECF26F0125BACBC600F1FBCA /* Shapes */ = {
			isa = PBXGroup;
			children = (
				ECF26F0225BACBDE00F1FBCA /* WaveShape.swift */,
			);
			path = Shapes;
			sourceTree = "<group>";
		};
/* End PBXGroup section */

/* Begin PBXHeadersBuildPhase section */
		EC17CB07256B995900E34247 /* Headers */ = {
			isa = PBXHeadersBuildPhase;
			buildActionMask = 2147483647;
			files = (
			);
			runOnlyForDeploymentPostprocessing = 0;
		};
/* End PBXHeadersBuildPhase section */

/* Begin PBXNativeTarget section */
		EC17CB0B256B995900E34247 /* InkCore */ = {
			isa = PBXNativeTarget;
			buildConfigurationList = EC17CB13256B995900E34247 /* Build configuration list for PBXNativeTarget "InkCore" */;
			buildPhases = (
				EC17CB07256B995900E34247 /* Headers */,
				EC17CB08256B995900E34247 /* Sources */,
				EC17CB09256B995900E34247 /* Frameworks */,
				EC17CB0A256B995900E34247 /* Resources */,
			);
			buildRules = (
			);
			dependencies = (
			);
			name = InkCore;
			packageProductDependencies = (
				EC7652DF259200890098FD22 /* SplatNet2 */,
				EC9D0A5825A1761900E8FF89 /* SDWebImage */,
				EC9D0A5A25A1761900E8FF89 /* SDWebImageMapKit */,
				EC9D0A5C25A1761900E8FF89 /* SDWebImageSwiftUI */,
			);
			productName = InkCore;
			productReference = EC17CB0C256B995900E34247 /* InkCore.framework */;
			productType = "com.apple.product-type.framework";
		};
		EC8611C4253AB9C9003BA67A /* WidgetExtension */ = {
			isa = PBXNativeTarget;
			buildConfigurationList = EC8611D2253AB9CB003BA67A /* Build configuration list for PBXNativeTarget "WidgetExtension" */;
			buildPhases = (
				EC8611C1253AB9C9003BA67A /* Sources */,
				EC8611C2253AB9C9003BA67A /* Frameworks */,
				EC8611C3253AB9C9003BA67A /* Resources */,
			);
			buildRules = (
			);
			dependencies = (
				BBC15A2D256B9CEA00B67514 /* PBXTargetDependency */,
			);
			name = WidgetExtension;
			packageProductDependencies = (
			);
			productName = SalmonRunSchedulesWidgetExtension;
			productReference = EC8611C5253AB9C9003BA67A /* WidgetExtension.appex */;
			productType = "com.apple.product-type.app-extension";
		};
		EC900E70251C55FF00AA0B20 /* imink */ = {
			isa = PBXNativeTarget;
			buildConfigurationList = EC900E85251C55FF00AA0B20 /* Build configuration list for PBXNativeTarget "imink" */;
			buildPhases = (
				EC900E6D251C55FF00AA0B20 /* Sources */,
				EC900E6E251C55FF00AA0B20 /* Frameworks */,
				EC900E6F251C55FF00AA0B20 /* Resources */,
				ECAE8DBA25207FA1003D7EDC /* Embed App Clips */,
				EC8611BC253AA876003BA67A /* Embed App Extensions */,
				BBC15A27256B9CE300B67514 /* Embed Frameworks */,
			);
			buildRules = (
			);
			dependencies = (
				EC8611CF253AB9CB003BA67A /* PBXTargetDependency */,
				BBC15A26256B9CE300B67514 /* PBXTargetDependency */,
			);
			name = imink;
			packageProductDependencies = (
				EC43AA57251C9A7100283D28 /* GRDB */,
				EC606044251CD5B200DCF35E /* SnapKit */,
			);
			productName = imink;
			productReference = EC900E71251C55FF00AA0B20 /* imink.app */;
			productType = "com.apple.product-type.application";
		};
/* End PBXNativeTarget section */

/* Begin PBXProject section */
		EC900E69251C55FE00AA0B20 /* Project object */ = {
			isa = PBXProject;
			attributes = {
				LastSwiftUpdateCheck = 1200;
				LastUpgradeCheck = 1220;
				TargetAttributes = {
					EC17CB0B256B995900E34247 = {
						CreatedOnToolsVersion = 12.1;
					};
					EC8611C4253AB9C9003BA67A = {
						CreatedOnToolsVersion = 12.0;
					};
					EC900E70251C55FF00AA0B20 = {
						CreatedOnToolsVersion = 12.2;
					};
				};
			};
			buildConfigurationList = EC900E6C251C55FE00AA0B20 /* Build configuration list for PBXProject "imink" */;
			compatibilityVersion = "Xcode 9.3";
			developmentRegion = en;
			hasScannedForEncodings = 0;
			knownRegions = (
				en,
				Base,
				"zh-Hans",
				ja,
				"zh-Hant",
				ko,
			);
			mainGroup = EC900E68251C55FE00AA0B20;
			packageReferences = (
				EC43AA52251C95DE00283D28 /* XCRemoteSwiftPackageReference "SDWebImage" */,
				EC43AA56251C9A7100283D28 /* XCRemoteSwiftPackageReference "GRDB.swift" */,
				EC43AA5A251CCDF000283D28 /* XCRemoteSwiftPackageReference "SDWebImageSwiftUI" */,
				EC606043251CD5B200DCF35E /* XCRemoteSwiftPackageReference "SnapKit" */,
				EC7652DE259200880098FD22 /* XCRemoteSwiftPackageReference "SplatNet2" */,
			);
			productRefGroup = EC900E72251C55FF00AA0B20 /* Products */;
			projectDirPath = "";
			projectRoot = "";
			targets = (
				EC900E70251C55FF00AA0B20 /* imink */,
				EC8611C4253AB9C9003BA67A /* WidgetExtension */,
				EC17CB0B256B995900E34247 /* InkCore */,
			);
		};
/* End PBXProject section */

/* Begin PBXResourcesBuildPhase section */
		EC17CB0A256B995900E34247 /* Resources */ = {
			isa = PBXResourcesBuildPhase;
			buildActionMask = 2147483647;
			files = (
				EC6CF3FF25F3F698005427B5 /* Splatfont 2 v1.009.otf in Resources */,
				EC2C34BA2598D7210007BA4D /* Assets.xcassets in Resources */,
				EC6CF3FE25F3F698005427B5 /* Splatfont 1 v1.008.otf in Resources */,
			);
			runOnlyForDeploymentPostprocessing = 0;
		};
		EC8611C3253AB9C9003BA67A /* Resources */ = {
			isa = PBXResourcesBuildPhase;
			buildActionMask = 2147483647;
			files = (
				EC98421B253ADE970079D739 /* Localizable.strings in Resources */,
				EC8611CC253AB9CB003BA67A /* Assets.xcassets in Resources */,
			);
			runOnlyForDeploymentPostprocessing = 0;
		};
		EC900E6F251C55FF00AA0B20 /* Resources */ = {
			isa = PBXResourcesBuildPhase;
			buildActionMask = 2147483647;
			files = (
				EC900E81251C55FF00AA0B20 /* LaunchScreen.storyboard in Resources */,
				ECAE8DC92520B7E0003D7EDC /* Localizable.strings in Resources */,
				EC900E7E251C55FF00AA0B20 /* Assets.xcassets in Resources */,
				EC900E7C251C55FF00AA0B20 /* Main.storyboard in Resources */,
			);
			runOnlyForDeploymentPostprocessing = 0;
		};
/* End PBXResourcesBuildPhase section */

/* Begin PBXSourcesBuildPhase section */
		EC17CB08256B995900E34247 /* Sources */ = {
			isa = PBXSourcesBuildPhase;
			buildActionMask = 2147483647;
			files = (
				EC9D0A7325A1929400E8FF89 /* SalomonRunStageImageView.swift in Sources */,
				EC9D0A6925A18E2300E8FF89 /* ImageView.swift in Sources */,
				EC2C34C12598D9440007BA4D /* GrayscaleTextureView.swift in Sources */,
				EC9D0A5525A174A300E8FF89 /* StageImageView.swift in Sources */,
				EC9D0A5125A1747C00E8FF89 /* WeaponImageView.swift in Sources */,
				ECD1FA5025F89EF8002E36DD /* FixVectorImage.swift in Sources */,
				EC2C34CB2598E8940007BA4D /* Bundle.swift in Sources */,
			);
			runOnlyForDeploymentPostprocessing = 0;
		};
		EC8611C1253AB9C9003BA67A /* Sources */ = {
			isa = PBXSourcesBuildPhase;
			buildActionMask = 2147483647;
			files = (
				EC861245253AC6ED003BA67A /* UserDefaultsWrapper.swift in Sources */,
				EC86124E253AC70D003BA67A /* NotificationName.swift in Sources */,
				EC861222253AC656003BA67A /* API.swift in Sources */,
				EC9440ED25406E2E00060E46 /* BattleScheduleLargeWidgetEntryView.swift in Sources */,
				EC861249253AC6ED003BA67A /* StatefulPreviewWrapper.swift in Sources */,
				EC861242253AC6ED003BA67A /* Bundle+Extension.swift in Sources */,
				EC861240253AC6ED003BA67A /* AutoPlayAnimation.swift in Sources */,
				EC98422D253AE3B40079D739 /* BattleScheduleMediumWidgetEntryView.swift in Sources */,
				EC86123E253AC6ED003BA67A /* Operator.swift in Sources */,
				EC861224253AC656003BA67A /* Splatoon2API.swift in Sources */,
				EC861241253AC6ED003BA67A /* NSLayoutConstraint+Mutiplier.swift in Sources */,
				EC9440DB25406C3E00060E46 /* BattleScheduleProvider.swift in Sources */,
				EC4CA17C2595DEB000B5C8CF /* ConvenientColors.swift in Sources */,
				EC11F1D625558C2D00E10F5F /* SalmonRunScheduleWidget.swift in Sources */,
				EC86126A253AD53D003BA67A /* UserDefaults.swift in Sources */,
				EC861246253AC6ED003BA67A /* StringInterpolation.swift in Sources */,
				ECF26F0425BACBDF00F1FBCA /* WaveShape.swift in Sources */,
				EC11F1DB25558CAB00E10F5F /* SalmonRunScheduleMediumWidgetEntryView.swift in Sources */,
				EC861247253AC6ED003BA67A /* Easeing.swift in Sources */,
				EC3120572599D55300CEE73B /* CornerRadiusModifier.swift in Sources */,
				EC76129C260B22D000C4D3AA /* NSOHash.swift in Sources */,
				EC9440F125407ACA00060E46 /* BattleScheduleWidget.swift in Sources */,
				EC8B6B2826074F2600B645B5 /* NAUser.swift in Sources */,
				EC761296260B214C00C4D3AA /* NSOHelper.swift in Sources */,
				EC861243253AC6ED003BA67A /* Decode&Encode.swift in Sources */,
				EC2C1597257CB7EF00528D80 /* WidgetBackgroundView.swift in Sources */,
				EC984232253AF3F70079D739 /* AnimatableModifier.swift in Sources */,
				EC984218253ADE880079D739 /* AppTheme.swift in Sources */,
				EC861225253AC656003BA67A /* APITargetType.swift in Sources */,
				EC984234253AF3F70079D739 /* TransitionModifier.swift in Sources */,
				EC861248253AC6ED003BA67A /* UIView+Snapshot.swift in Sources */,
				EC39703A25482C5300557BD4 /* String+LocalizedString.swift in Sources */,
				ECA6AD9F257E1C31005D873B /* FontModifier.swift in Sources */,
				EC861244253AC6ED003BA67A /* Collection.swift in Sources */,
				EC9440E125406C8200060E46 /* WidgetSize.swift in Sources */,
				EC984253253D38110079D739 /* UserDefaultsMigrator.swift in Sources */,
				EC761299260B22BE00C4D3AA /* NSOAPI.swift in Sources */,
				EC861231253AC6D4003BA67A /* Models.swift in Sources */,
				EC8611E5253AC359003BA67A /* AppWidget.swift in Sources */,
				EC11F1E525558E3500E10F5F /* SalmonRunScheduleProvider.swift in Sources */,
				EC861229253AC68C003BA67A /* AppUserDefaults.swift in Sources */,
				EC984217253ADE880079D739 /* AppColor.swift in Sources */,
				EC8B6B2726074F2600B645B5 /* LoginToken.swift in Sources */,
				EC86123F253AC6ED003BA67A /* AppBundle.swift in Sources */,
				EC11F1DF25558CB900E10F5F /* SalmonRunScheduleLargeWidgetEntryView.swift in Sources */,
				EC861223253AC656003BA67A /* AppAPI.swift in Sources */,
			);
			runOnlyForDeploymentPostprocessing = 0;
		};
		EC900E6D251C55FF00AA0B20 /* Sources */ = {
			isa = PBXSourcesBuildPhase;
			buildActionMask = 2147483647;
			files = (
				EC2C34B2259899590007BA4D /* BattleDetailResultBarView.swift in Sources */,
				EC900E75251C55FF00AA0B20 /* AppDelegate.swift in Sources */,
				EC00DBF6251CD29C0010366A /* TransitionModifier.swift in Sources */,
				EC900ED0251C8EF700AA0B20 /* AppTheme.swift in Sources */,
				ECA6AD9E257E1C31005D873B /* FontModifier.swift in Sources */,
				ECB959A925B8387E0006E942 /* SynchronizeBattleViewModel.swift in Sources */,
				EC900ED9251C8EF700AA0B20 /* AppUserDefaults.swift in Sources */,
				EC1FAE4125D1335F00B063B5 /* BattleListItemView.swift in Sources */,
				EC571A30254A8DB400D1BFC6 /* NintendoAccountLoginViewController.swift in Sources */,
				EC861258253ACACA003BA67A /* UserDefaults.swift in Sources */,
				EC900ECD251C8EF700AA0B20 /* AppAPI.swift in Sources */,
				EC900EC2251C8EF700AA0B20 /* Decode&Encode.swift in Sources */,
				ECF26EFE25BA9E3400F1FBCA /* JobDetailMemberView.swift in Sources */,
				EC25FE8F25B934640085670D /* JobListItemView.swift in Sources */,
				EC761295260B214C00C4D3AA /* NSOHelper.swift in Sources */,
				EC900EC9251C8EF700AA0B20 /* StringInterpolation.swift in Sources */,
				EC5362482525D68E0037BD12 /* HomeViewModel.swift in Sources */,
				EC17177D25FB114600500D13 /* OnboardingPage.swift in Sources */,
				EC9A90362527437000390573 /* NSLayoutConstraint+Mutiplier.swift in Sources */,
				EC6CF3F425F36937005427B5 /* JobShiftCardView.swift in Sources */,
				EC17178325FB38CF00500D13 /* OnboardingViewModel.swift in Sources */,
				EC25FEA025B960990085670D /* JobDetailPage.swift in Sources */,
				EC4C70AC25B9CAFA00E6EF6E /* JobDetailWaveView.swift in Sources */,
				EC900E77251C55FF00AA0B20 /* SceneDelegate.swift in Sources */,
				EC900ECA251C8EF700AA0B20 /* AutoPlayAnimation.swift in Sources */,
				EC98424D253C25130079D739 /* UserDefaultsMigrator.swift in Sources */,
				EC5D2629258FA02F004E7B3A /* TestFontView.swift in Sources */,
				ECB959CB25B896A80006E942 /* JobListViewModel.swift in Sources */,
				EC2F19DB2543306E00CE9B34 /* AboutPage.swift in Sources */,
				ECF91ECF2609F58500FF7F55 /* MailView.swift in Sources */,
				ECD2BFAE25BD8B5E00AA11CA /* JobDetailViewModel.swift in Sources */,
				EC8B6B2326074F2100B645B5 /* LoginToken.swift in Sources */,
				ECC3F292252C85B6001E81E1 /* SalmonRunScheduleView.swift in Sources */,
				EC62E77325360B2B0028428C /* MeViewModel.swift in Sources */,
				EC900EC5251C8EF700AA0B20 /* Easeing.swift in Sources */,
				EC900EC3251C8EF700AA0B20 /* StatefulPreviewWrapper.swift in Sources */,
				EC9A90492527851C00390573 /* ScheduleView.swift in Sources */,
				ECB959A825B8387E0006E942 /* SynchronizeJobViewModel.swift in Sources */,
				EC900EC7251C8EF700AA0B20 /* UserDefaultsWrapper.swift in Sources */,
				EC3120562599D55300CEE73B /* CornerRadiusModifier.swift in Sources */,
				EC1FAE3525D12B5A00B063B5 /* BattleListPage.swift in Sources */,
				EC900EC4251C8EF700AA0B20 /* Collection.swift in Sources */,
				EC8B6B2426074F2100B645B5 /* NAUser.swift in Sources */,
				EC900EC8251C8EF700AA0B20 /* AppBundle.swift in Sources */,
				EC900EE1251C8EF700AA0B20 /* DBRecord.swift in Sources */,
				EC7DF2F825B9A4B100B503F0 /* JobDetailTopCardView.swift in Sources */,
				EC565B5B251D882900CCAC9A /* NotificationName.swift in Sources */,
				EC6B8270251EF9E000B25307 /* UIView+Snapshot.swift in Sources */,
				EC17178B25FB653300500D13 /* NSOAPI.swift in Sources */,
				EC25FE8B25B8A0C50085670D /* JobListPage.swift in Sources */,
				EC900EC6251C8EF700AA0B20 /* Operator.swift in Sources */,
				EC900ECC251C8EF700AA0B20 /* APITargetType.swift in Sources */,
				EC900ED8251C8EF700AA0B20 /* AppDatabase.swift in Sources */,
				EC900ED2251C8EF700AA0B20 /* Models.swift in Sources */,
				EC4CA1742595C6B900B5C8CF /* BattleDetailPage.swift in Sources */,
				ECF26F0325BACBDE00F1FBCA /* WaveShape.swift in Sources */,
				EC2C34AC25984CE20007BA4D /* BattleDetailMemberView.swift in Sources */,
				ECD1FA4225F87903002E36DD /* LoginView.swift in Sources */,
				EC4DF4F6252EF1510020B234 /* VDGridView.swift in Sources */,
				EC900EE0251C8EF700AA0B20 /* BattleListViewModel.swift in Sources */,
				EC00DBF5251CD29C0010366A /* AnimatableModifier.swift in Sources */,
				EC00DBD7251CA11D0010366A /* TabBarController.swift in Sources */,
				EC807CA725F7385C003FC2E6 /* TodayView.swift in Sources */,
				EC17179325FBA98100500D13 /* NSOHash.swift in Sources */,
				EC344FE925330351004A7AF1 /* MePage.swift in Sources */,
				EC38A4E125330DAD00A81656 /* Bundle+Extension.swift in Sources */,
				ECA695092531AC9D00376D95 /* PieView.swift in Sources */,
				ECB959B525B872BD0006E942 /* DBJob.swift in Sources */,
				EC5362532525DDDF0037BD12 /* HomePage.swift in Sources */,
				EC53624B2525D7C70037BD12 /* TabBarViewModel.swift in Sources */,
				EC900ECE251C8EF700AA0B20 /* API.swift in Sources */,
				ECB959AD25B85A4A0006E942 /* SynchronizeViewModel.swift in Sources */,
				EC39703725482BE400557BD4 /* String+LocalizedString.swift in Sources */,
				EC900ECB251C8EF700AA0B20 /* Splatoon2API.swift in Sources */,
				EC900ECF251C8EF700AA0B20 /* AppColor.swift in Sources */,
				EC4CA1782595DEAB00B5C8CF /* ConvenientColors.swift in Sources */,
				EC900EDE251C8EF700AA0B20 /* LoginViewModel.swift in Sources */,
				EC1FAE3B25D12EF000B063B5 /* BattleDetailViewModel.swift in Sources */,
				EC00DBCA251C9C0C0010366A /* ToolbarDelegate.swift in Sources */,
			);
			runOnlyForDeploymentPostprocessing = 0;
		};
/* End PBXSourcesBuildPhase section */

/* Begin PBXTargetDependency section */
		BBC15A26256B9CE300B67514 /* PBXTargetDependency */ = {
			isa = PBXTargetDependency;
			target = EC17CB0B256B995900E34247 /* InkCore */;
			targetProxy = BBC15A25256B9CE300B67514 /* PBXContainerItemProxy */;
		};
		BBC15A2D256B9CEA00B67514 /* PBXTargetDependency */ = {
			isa = PBXTargetDependency;
			target = EC17CB0B256B995900E34247 /* InkCore */;
			targetProxy = BBC15A2C256B9CEA00B67514 /* PBXContainerItemProxy */;
		};
		EC8611CF253AB9CB003BA67A /* PBXTargetDependency */ = {
			isa = PBXTargetDependency;
			target = EC8611C4253AB9C9003BA67A /* WidgetExtension */;
			targetProxy = EC8611CE253AB9CB003BA67A /* PBXContainerItemProxy */;
		};
/* End PBXTargetDependency section */

/* Begin PBXVariantGroup section */
		EC900E7A251C55FF00AA0B20 /* Main.storyboard */ = {
			isa = PBXVariantGroup;
			children = (
				EC900E7B251C55FF00AA0B20 /* Base */,
			);
			name = Main.storyboard;
			sourceTree = "<group>";
		};
		EC900E7F251C55FF00AA0B20 /* LaunchScreen.storyboard */ = {
			isa = PBXVariantGroup;
			children = (
				EC900E80251C55FF00AA0B20 /* Base */,
			);
			name = LaunchScreen.storyboard;
			sourceTree = "<group>";
		};
		ECAE8DCB2520B7E0003D7EDC /* Localizable.strings */ = {
			isa = PBXVariantGroup;
			children = (
				ECAE8DCA2520B7E0003D7EDC /* en */,
				EC39701A2548028100557BD4 /* zh-Hans */,
				EC39701D25480B9C00557BD4 /* ja */,
				EC3F74A125505FFA0061989B /* zh-Hant */,
				EC6CF3F925F3F540005427B5 /* ko */,
			);
			name = Localizable.strings;
			sourceTree = "<group>";
		};
/* End PBXVariantGroup section */

/* Begin XCBuildConfiguration section */
		EC17CB11256B995900E34247 /* Debug */ = {
			isa = XCBuildConfiguration;
			buildSettings = {
				APPLICATION_EXTENSION_API_ONLY = YES;
				CODE_SIGN_STYLE = Automatic;
				CURRENT_PROJECT_VERSION = 77;
				DEFINES_MODULE = YES;
				DEVELOPMENT_TEAM = SRT8ZNLRFZ;
				DYLIB_COMPATIBILITY_VERSION = 1;
				DYLIB_CURRENT_VERSION = 54;
				DYLIB_INSTALL_NAME_BASE = "@rpath";
				INFOPLIST_FILE = InkCore/Info.plist;
				INSTALL_PATH = "$(LOCAL_LIBRARY_DIR)/Frameworks";
				IPHONEOS_DEPLOYMENT_TARGET = 14.0;
				LD_RUNPATH_SEARCH_PATHS = (
					"$(inherited)",
					"@executable_path/Frameworks",
					"@loader_path/Frameworks",
				);
				PRODUCT_BUNDLE_IDENTIFIER = jone.wang.InkCore;
				PRODUCT_NAME = "$(TARGET_NAME:c99extidentifier)";
				SKIP_INSTALL = YES;
				SWIFT_VERSION = 5.0;
				TARGETED_DEVICE_FAMILY = "1,2";
				VERSIONING_SYSTEM = "apple-generic";
				VERSION_INFO_PREFIX = "";
			};
			name = Debug;
		};
		EC17CB12256B995900E34247 /* Release */ = {
			isa = XCBuildConfiguration;
			buildSettings = {
				APPLICATION_EXTENSION_API_ONLY = YES;
				CODE_SIGN_STYLE = Automatic;
				CURRENT_PROJECT_VERSION = 77;
				DEFINES_MODULE = YES;
				DEVELOPMENT_TEAM = SRT8ZNLRFZ;
				DYLIB_COMPATIBILITY_VERSION = 1;
				DYLIB_CURRENT_VERSION = 54;
				DYLIB_INSTALL_NAME_BASE = "@rpath";
				INFOPLIST_FILE = InkCore/Info.plist;
				INSTALL_PATH = "$(LOCAL_LIBRARY_DIR)/Frameworks";
				IPHONEOS_DEPLOYMENT_TARGET = 14.0;
				LD_RUNPATH_SEARCH_PATHS = (
					"$(inherited)",
					"@executable_path/Frameworks",
					"@loader_path/Frameworks",
				);
				PRODUCT_BUNDLE_IDENTIFIER = jone.wang.InkCore;
				PRODUCT_NAME = "$(TARGET_NAME:c99extidentifier)";
				SKIP_INSTALL = YES;
				SWIFT_VERSION = 5.0;
				TARGETED_DEVICE_FAMILY = "1,2";
				VERSIONING_SYSTEM = "apple-generic";
				VERSION_INFO_PREFIX = "";
			};
			name = Release;
		};
		EC8611D3253AB9CB003BA67A /* Debug */ = {
			isa = XCBuildConfiguration;
			buildSettings = {
				ASSETCATALOG_COMPILER_GLOBAL_ACCENT_COLOR_NAME = AccentColor;
				ASSETCATALOG_COMPILER_WIDGET_BACKGROUND_COLOR_NAME = WidgetBackground;
				CODE_SIGN_ENTITLEMENTS = AppWidgetExtension.entitlements;
				CODE_SIGN_IDENTITY = "Apple Development";
				"CODE_SIGN_IDENTITY[sdk=macosx*]" = "Apple Development";
				CODE_SIGN_STYLE = Automatic;
				CURRENT_PROJECT_VERSION = 77;
				DEVELOPMENT_TEAM = SRT8ZNLRFZ;
				INFOPLIST_FILE = AppWidget/Info.plist;
				IPHONEOS_DEPLOYMENT_TARGET = 14.0;
				LD_GENERATE_MAP_FILE = YES;
				LD_RUNPATH_SEARCH_PATHS = (
					"$(inherited)",
					"@executable_path/Frameworks",
					"@executable_path/../../Frameworks",
				);
				MARKETING_VERSION = 1.0.2;
				PRODUCT_BUNDLE_IDENTIFIER = wang.jone.imink.AppWidget;
				PRODUCT_NAME = "$(TARGET_NAME)";
				PROVISIONING_PROFILE_SPECIFIER = "";
				"PROVISIONING_PROFILE_SPECIFIER[sdk=macosx*]" = "";
				SKIP_INSTALL = YES;
				SUPPORTS_MACCATALYST = YES;
				SWIFT_VERSION = 5.0;
				TARGETED_DEVICE_FAMILY = "1,2";
			};
			name = Debug;
		};
		EC8611D4253AB9CB003BA67A /* Release */ = {
			isa = XCBuildConfiguration;
			buildSettings = {
				ASSETCATALOG_COMPILER_GLOBAL_ACCENT_COLOR_NAME = AccentColor;
				ASSETCATALOG_COMPILER_WIDGET_BACKGROUND_COLOR_NAME = WidgetBackground;
				CODE_SIGN_ENTITLEMENTS = AppWidgetExtension.entitlements;
				CODE_SIGN_IDENTITY = "Apple Development";
				"CODE_SIGN_IDENTITY[sdk=macosx*]" = "Apple Development";
				CODE_SIGN_STYLE = Automatic;
				CURRENT_PROJECT_VERSION = 77;
				DEVELOPMENT_TEAM = SRT8ZNLRFZ;
				INFOPLIST_FILE = AppWidget/Info.plist;
				IPHONEOS_DEPLOYMENT_TARGET = 14.0;
				LD_GENERATE_MAP_FILE = YES;
				LD_RUNPATH_SEARCH_PATHS = (
					"$(inherited)",
					"@executable_path/Frameworks",
					"@executable_path/../../Frameworks",
				);
				MARKETING_VERSION = 1.0.2;
				PRODUCT_BUNDLE_IDENTIFIER = wang.jone.imink.AppWidget;
				PRODUCT_NAME = "$(TARGET_NAME)";
				PROVISIONING_PROFILE_SPECIFIER = "";
				"PROVISIONING_PROFILE_SPECIFIER[sdk=macosx*]" = "";
				SKIP_INSTALL = YES;
				SUPPORTS_MACCATALYST = YES;
				SWIFT_VERSION = 5.0;
				TARGETED_DEVICE_FAMILY = "1,2";
			};
			name = Release;
		};
		EC900E83251C55FF00AA0B20 /* Debug */ = {
			isa = XCBuildConfiguration;
			buildSettings = {
				ALWAYS_SEARCH_USER_PATHS = NO;
				CLANG_ANALYZER_LOCALIZABILITY_NONLOCALIZED = YES;
				CLANG_ANALYZER_NONNULL = YES;
				CLANG_ANALYZER_NUMBER_OBJECT_CONVERSION = YES_AGGRESSIVE;
				CLANG_CXX_LANGUAGE_STANDARD = "gnu++14";
				CLANG_CXX_LIBRARY = "libc++";
				CLANG_ENABLE_MODULES = YES;
				CLANG_ENABLE_OBJC_ARC = YES;
				CLANG_ENABLE_OBJC_WEAK = YES;
				CLANG_WARN_BLOCK_CAPTURE_AUTORELEASING = YES;
				CLANG_WARN_BOOL_CONVERSION = YES;
				CLANG_WARN_COMMA = YES;
				CLANG_WARN_CONSTANT_CONVERSION = YES;
				CLANG_WARN_DEPRECATED_OBJC_IMPLEMENTATIONS = YES;
				CLANG_WARN_DIRECT_OBJC_ISA_USAGE = YES_ERROR;
				CLANG_WARN_DOCUMENTATION_COMMENTS = YES;
				CLANG_WARN_EMPTY_BODY = YES;
				CLANG_WARN_ENUM_CONVERSION = YES;
				CLANG_WARN_INFINITE_RECURSION = YES;
				CLANG_WARN_INT_CONVERSION = YES;
				CLANG_WARN_NON_LITERAL_NULL_CONVERSION = YES;
				CLANG_WARN_OBJC_IMPLICIT_RETAIN_SELF = YES;
				CLANG_WARN_OBJC_LITERAL_CONVERSION = YES;
				CLANG_WARN_OBJC_ROOT_CLASS = YES_ERROR;
				CLANG_WARN_QUOTED_INCLUDE_IN_FRAMEWORK_HEADER = YES;
				CLANG_WARN_RANGE_LOOP_ANALYSIS = YES;
				CLANG_WARN_STRICT_PROTOTYPES = YES;
				CLANG_WARN_SUSPICIOUS_MOVE = YES;
				CLANG_WARN_UNGUARDED_AVAILABILITY = YES_AGGRESSIVE;
				CLANG_WARN_UNREACHABLE_CODE = YES;
				CLANG_WARN__DUPLICATE_METHOD_MATCH = YES;
				COPY_PHASE_STRIP = NO;
				DEBUG_INFORMATION_FORMAT = dwarf;
				ENABLE_STRICT_OBJC_MSGSEND = YES;
				ENABLE_TESTABILITY = YES;
				GCC_C_LANGUAGE_STANDARD = gnu11;
				GCC_DYNAMIC_NO_PIC = NO;
				GCC_NO_COMMON_BLOCKS = YES;
				GCC_OPTIMIZATION_LEVEL = 0;
				GCC_PREPROCESSOR_DEFINITIONS = (
					"DEBUG=1",
					"$(inherited)",
				);
				GCC_WARN_64_TO_32_BIT_CONVERSION = YES;
				GCC_WARN_ABOUT_RETURN_TYPE = YES_ERROR;
				GCC_WARN_UNDECLARED_SELECTOR = YES;
				GCC_WARN_UNINITIALIZED_AUTOS = YES_AGGRESSIVE;
				GCC_WARN_UNUSED_FUNCTION = YES;
				GCC_WARN_UNUSED_VARIABLE = YES;
				IPHONEOS_DEPLOYMENT_TARGET = 14.2;
				MTL_ENABLE_DEBUG_INFO = INCLUDE_SOURCE;
				MTL_FAST_MATH = YES;
				ONLY_ACTIVE_ARCH = YES;
				OTHER_LDFLAGS = "\"-Xlinker -interposable\"";
				SDKROOT = iphoneos;
				SWIFT_ACTIVE_COMPILATION_CONDITIONS = DEBUG;
				SWIFT_OPTIMIZATION_LEVEL = "-Onone";
			};
			name = Debug;
		};
		EC900E84251C55FF00AA0B20 /* Release */ = {
			isa = XCBuildConfiguration;
			buildSettings = {
				ALWAYS_SEARCH_USER_PATHS = NO;
				CLANG_ANALYZER_LOCALIZABILITY_NONLOCALIZED = YES;
				CLANG_ANALYZER_NONNULL = YES;
				CLANG_ANALYZER_NUMBER_OBJECT_CONVERSION = YES_AGGRESSIVE;
				CLANG_CXX_LANGUAGE_STANDARD = "gnu++14";
				CLANG_CXX_LIBRARY = "libc++";
				CLANG_ENABLE_MODULES = YES;
				CLANG_ENABLE_OBJC_ARC = YES;
				CLANG_ENABLE_OBJC_WEAK = YES;
				CLANG_WARN_BLOCK_CAPTURE_AUTORELEASING = YES;
				CLANG_WARN_BOOL_CONVERSION = YES;
				CLANG_WARN_COMMA = YES;
				CLANG_WARN_CONSTANT_CONVERSION = YES;
				CLANG_WARN_DEPRECATED_OBJC_IMPLEMENTATIONS = YES;
				CLANG_WARN_DIRECT_OBJC_ISA_USAGE = YES_ERROR;
				CLANG_WARN_DOCUMENTATION_COMMENTS = YES;
				CLANG_WARN_EMPTY_BODY = YES;
				CLANG_WARN_ENUM_CONVERSION = YES;
				CLANG_WARN_INFINITE_RECURSION = YES;
				CLANG_WARN_INT_CONVERSION = YES;
				CLANG_WARN_NON_LITERAL_NULL_CONVERSION = YES;
				CLANG_WARN_OBJC_IMPLICIT_RETAIN_SELF = YES;
				CLANG_WARN_OBJC_LITERAL_CONVERSION = YES;
				CLANG_WARN_OBJC_ROOT_CLASS = YES_ERROR;
				CLANG_WARN_QUOTED_INCLUDE_IN_FRAMEWORK_HEADER = YES;
				CLANG_WARN_RANGE_LOOP_ANALYSIS = YES;
				CLANG_WARN_STRICT_PROTOTYPES = YES;
				CLANG_WARN_SUSPICIOUS_MOVE = YES;
				CLANG_WARN_UNGUARDED_AVAILABILITY = YES_AGGRESSIVE;
				CLANG_WARN_UNREACHABLE_CODE = YES;
				CLANG_WARN__DUPLICATE_METHOD_MATCH = YES;
				COPY_PHASE_STRIP = NO;
				DEBUG_INFORMATION_FORMAT = "dwarf-with-dsym";
				ENABLE_NS_ASSERTIONS = NO;
				ENABLE_STRICT_OBJC_MSGSEND = YES;
				GCC_C_LANGUAGE_STANDARD = gnu11;
				GCC_NO_COMMON_BLOCKS = YES;
				GCC_WARN_64_TO_32_BIT_CONVERSION = YES;
				GCC_WARN_ABOUT_RETURN_TYPE = YES_ERROR;
				GCC_WARN_UNDECLARED_SELECTOR = YES;
				GCC_WARN_UNINITIALIZED_AUTOS = YES_AGGRESSIVE;
				GCC_WARN_UNUSED_FUNCTION = YES;
				GCC_WARN_UNUSED_VARIABLE = YES;
				IPHONEOS_DEPLOYMENT_TARGET = 14.2;
				MTL_ENABLE_DEBUG_INFO = NO;
				MTL_FAST_MATH = YES;
				OTHER_LDFLAGS = "\"-Xlinker -interposable\"";
				SDKROOT = iphoneos;
				SWIFT_COMPILATION_MODE = wholemodule;
				SWIFT_OPTIMIZATION_LEVEL = "-O";
				VALIDATE_PRODUCT = YES;
			};
			name = Release;
		};
		EC900E86251C55FF00AA0B20 /* Debug */ = {
			isa = XCBuildConfiguration;
			buildSettings = {
				ALWAYS_EMBED_SWIFT_STANDARD_LIBRARIES = YES;
				ASSETCATALOG_COMPILER_APPICON_NAME = AppIcon;
				ASSETCATALOG_COMPILER_GLOBAL_ACCENT_COLOR_NAME = AccentColor;
				CODE_SIGN_ENTITLEMENTS = imink/imink.entitlements;
				CODE_SIGN_STYLE = Automatic;
				CURRENT_PROJECT_VERSION = 77;
				DEVELOPMENT_TEAM = SRT8ZNLRFZ;
				INFOPLIST_FILE = imink/Info.plist;
				IPHONEOS_DEPLOYMENT_TARGET = 14.0;
				LD_GENERATE_MAP_FILE = YES;
				LD_RUNPATH_SEARCH_PATHS = (
					"$(inherited)",
					"@executable_path/Frameworks",
				);
				MARKETING_VERSION = 1.0.2;
				PRODUCT_BUNDLE_IDENTIFIER = wang.jone.imink;
				PRODUCT_NAME = "$(TARGET_NAME)";
				SUPPORTS_MACCATALYST = YES;
				SUPPORTS_MAC_DESIGNED_FOR_IPHONE_IPAD = YES;
				SWIFT_VERSION = 5.0;
				TARGETED_DEVICE_FAMILY = "1,2,6";
			};
			name = Debug;
		};
		EC900E87251C55FF00AA0B20 /* Release */ = {
			isa = XCBuildConfiguration;
			buildSettings = {
				ALWAYS_EMBED_SWIFT_STANDARD_LIBRARIES = YES;
				ASSETCATALOG_COMPILER_APPICON_NAME = AppIcon;
				ASSETCATALOG_COMPILER_GLOBAL_ACCENT_COLOR_NAME = AccentColor;
				CODE_SIGN_ENTITLEMENTS = imink/imink.entitlements;
				CODE_SIGN_STYLE = Automatic;
				CURRENT_PROJECT_VERSION = 77;
				DEVELOPMENT_TEAM = SRT8ZNLRFZ;
				INFOPLIST_FILE = imink/Info.plist;
				IPHONEOS_DEPLOYMENT_TARGET = 14.0;
				LD_GENERATE_MAP_FILE = YES;
				LD_RUNPATH_SEARCH_PATHS = (
					"$(inherited)",
					"@executable_path/Frameworks",
				);
				MARKETING_VERSION = 1.0.2;
				PRODUCT_BUNDLE_IDENTIFIER = wang.jone.imink;
				PRODUCT_NAME = "$(TARGET_NAME)";
				SUPPORTS_MACCATALYST = YES;
				SUPPORTS_MAC_DESIGNED_FOR_IPHONE_IPAD = YES;
				SWIFT_VERSION = 5.0;
				TARGETED_DEVICE_FAMILY = "1,2,6";
			};
			name = Release;
		};
/* End XCBuildConfiguration section */

/* Begin XCConfigurationList section */
		EC17CB13256B995900E34247 /* Build configuration list for PBXNativeTarget "InkCore" */ = {
			isa = XCConfigurationList;
			buildConfigurations = (
				EC17CB11256B995900E34247 /* Debug */,
				EC17CB12256B995900E34247 /* Release */,
			);
			defaultConfigurationIsVisible = 0;
			defaultConfigurationName = Release;
		};
		EC8611D2253AB9CB003BA67A /* Build configuration list for PBXNativeTarget "WidgetExtension" */ = {
			isa = XCConfigurationList;
			buildConfigurations = (
				EC8611D3253AB9CB003BA67A /* Debug */,
				EC8611D4253AB9CB003BA67A /* Release */,
			);
			defaultConfigurationIsVisible = 0;
			defaultConfigurationName = Release;
		};
		EC900E6C251C55FE00AA0B20 /* Build configuration list for PBXProject "imink" */ = {
			isa = XCConfigurationList;
			buildConfigurations = (
				EC900E83251C55FF00AA0B20 /* Debug */,
				EC900E84251C55FF00AA0B20 /* Release */,
			);
			defaultConfigurationIsVisible = 0;
			defaultConfigurationName = Release;
		};
		EC900E85251C55FF00AA0B20 /* Build configuration list for PBXNativeTarget "imink" */ = {
			isa = XCConfigurationList;
			buildConfigurations = (
				EC900E86251C55FF00AA0B20 /* Debug */,
				EC900E87251C55FF00AA0B20 /* Release */,
			);
			defaultConfigurationIsVisible = 0;
			defaultConfigurationName = Release;
		};
/* End XCConfigurationList section */

/* Begin XCRemoteSwiftPackageReference section */
		EC43AA52251C95DE00283D28 /* XCRemoteSwiftPackageReference "SDWebImage" */ = {
			isa = XCRemoteSwiftPackageReference;
			repositoryURL = "https://github.com/SDWebImage/SDWebImage.git";
			requirement = {
				kind = upToNextMajorVersion;
				minimumVersion = 5.9.1;
			};
		};
		EC43AA56251C9A7100283D28 /* XCRemoteSwiftPackageReference "GRDB.swift" */ = {
			isa = XCRemoteSwiftPackageReference;
			repositoryURL = "https://github.com/groue/GRDB.swift.git";
			requirement = {
				kind = upToNextMajorVersion;
				minimumVersion = 5.0.0;
			};
		};
		EC43AA5A251CCDF000283D28 /* XCRemoteSwiftPackageReference "SDWebImageSwiftUI" */ = {
			isa = XCRemoteSwiftPackageReference;
			repositoryURL = "https://github.com/SDWebImage/SDWebImageSwiftUI.git";
			requirement = {
				kind = upToNextMajorVersion;
				minimumVersion = 1.5.0;
			};
		};
		EC606043251CD5B200DCF35E /* XCRemoteSwiftPackageReference "SnapKit" */ = {
			isa = XCRemoteSwiftPackageReference;
			repositoryURL = "https://github.com/SnapKit/SnapKit.git";
			requirement = {
				kind = upToNextMajorVersion;
				minimumVersion = 5.0.1;
			};
		};
		EC7652DE259200880098FD22 /* XCRemoteSwiftPackageReference "SplatNet2" */ = {
			isa = XCRemoteSwiftPackageReference;
			repositoryURL = "https://github.com/ddddxxx/SplatNet2.git";
			requirement = {
				branch = addfields;
				kind = branch;
			};
		};
/* End XCRemoteSwiftPackageReference section */

/* Begin XCSwiftPackageProductDependency section */
		EC43AA57251C9A7100283D28 /* GRDB */ = {
			isa = XCSwiftPackageProductDependency;
			package = EC43AA56251C9A7100283D28 /* XCRemoteSwiftPackageReference "GRDB.swift" */;
			productName = GRDB;
		};
		EC606044251CD5B200DCF35E /* SnapKit */ = {
			isa = XCSwiftPackageProductDependency;
			package = EC606043251CD5B200DCF35E /* XCRemoteSwiftPackageReference "SnapKit" */;
			productName = SnapKit;
		};
		EC7652DF259200890098FD22 /* SplatNet2 */ = {
			isa = XCSwiftPackageProductDependency;
			package = EC7652DE259200880098FD22 /* XCRemoteSwiftPackageReference "SplatNet2" */;
			productName = SplatNet2;
		};
		EC9D0A5825A1761900E8FF89 /* SDWebImage */ = {
			isa = XCSwiftPackageProductDependency;
			package = EC43AA52251C95DE00283D28 /* XCRemoteSwiftPackageReference "SDWebImage" */;
			productName = SDWebImage;
		};
		EC9D0A5A25A1761900E8FF89 /* SDWebImageMapKit */ = {
			isa = XCSwiftPackageProductDependency;
			package = EC43AA52251C95DE00283D28 /* XCRemoteSwiftPackageReference "SDWebImage" */;
			productName = SDWebImageMapKit;
		};
		EC9D0A5C25A1761900E8FF89 /* SDWebImageSwiftUI */ = {
			isa = XCSwiftPackageProductDependency;
			package = EC43AA5A251CCDF000283D28 /* XCRemoteSwiftPackageReference "SDWebImageSwiftUI" */;
			productName = SDWebImageSwiftUI;
		};
/* End XCSwiftPackageProductDependency section */
	};
	rootObject = EC900E69251C55FE00AA0B20 /* Project object */;
}
